// !$*UTF8*$!
{
	archiveVersion = 1;
	classes = {
	};
	objectVersion = 46;
	objects = {

/* Begin PBXBuildFile section */
		12D5750DE9B609560702031B /* Pods_PortfolioView.framework in Frameworks */ = {isa = PBXBuildFile; fileRef = A18BE8FF50FDAE8F2CF63FA5 /* Pods_PortfolioView.framework */; };
		C23208181E12A7E200E54844 /* PortfolioData.swift in Sources */ = {isa = PBXBuildFile; fileRef = C23208171E12A7E200E54844 /* PortfolioData.swift */; };
		C23208291E12B57B00E54844 /* portfolioData_Inception.json in Resources */ = {isa = PBXBuildFile; fileRef = C23208281E12B57B00E54844 /* portfolioData_Inception.json */; };
		C2335A521E1001DC00760234 /* TelerikUI.framework in Frameworks */ = {isa = PBXBuildFile; fileRef = C2335A511E1001DC00760234 /* TelerikUI.framework */; };
		C2335A591E100F4500760234 /* Extensions.swift in Sources */ = {isa = PBXBuildFile; fileRef = C2335A581E100F4500760234 /* Extensions.swift */; };
		C2335A5B1E103BDE00760234 /* Transitions.swift in Sources */ = {isa = PBXBuildFile; fileRef = C2335A5A1E103BDE00760234 /* Transitions.swift */; };
		C2F71B2B1E02CDAE00A99298 /* AppDelegate.swift in Sources */ = {isa = PBXBuildFile; fileRef = C2F71B2A1E02CDAE00A99298 /* AppDelegate.swift */; };
		C2F71B321E02CDAF00A99298 /* Main.storyboard in Resources */ = {isa = PBXBuildFile; fileRef = C2F71B301E02CDAF00A99298 /* Main.storyboard */; };
		C2F71B341E02CDAF00A99298 /* Assets.xcassets in Resources */ = {isa = PBXBuildFile; fileRef = C2F71B331E02CDAF00A99298 /* Assets.xcassets */; };
		C2F71B371E02CDAF00A99298 /* LaunchScreen.storyboard in Resources */ = {isa = PBXBuildFile; fileRef = C2F71B351E02CDAF00A99298 /* LaunchScreen.storyboard */; };
		C2F71B421E02CDAF00A99298 /* PortfolioViewTests.swift in Sources */ = {isa = PBXBuildFile; fileRef = C2F71B411E02CDAF00A99298 /* PortfolioViewTests.swift */; };
		C2F71B4D1E02CDAF00A99298 /* PortfolioViewUITests.swift in Sources */ = {isa = PBXBuildFile; fileRef = C2F71B4C1E02CDAF00A99298 /* PortfolioViewUITests.swift */; };
		C2F71B5B1E038AEA00A99298 /* DashboardViewController.swift in Sources */ = {isa = PBXBuildFile; fileRef = C2F71B5A1E038AEA00A99298 /* DashboardViewController.swift */; };
		E2738F2007961ACACAB10BE1 /* Pods_PortfolioViewUITests.framework in Frameworks */ = {isa = PBXBuildFile; fileRef = 811029D797500E3B9F1006F5 /* Pods_PortfolioViewUITests.framework */; };
		ED5A44665489E400EB733ECD /* Pods_PortfolioViewTests.framework in Frameworks */ = {isa = PBXBuildFile; fileRef = 473AEACE6415AFD757B22352 /* Pods_PortfolioViewTests.framework */; };
/* End PBXBuildFile section */

/* Begin PBXContainerItemProxy section */
		C2F71B3E1E02CDAF00A99298 /* PBXContainerItemProxy */ = {
			isa = PBXContainerItemProxy;
			containerPortal = C2F71B1F1E02CDAE00A99298 /* Project object */;
			proxyType = 1;
			remoteGlobalIDString = C2F71B261E02CDAE00A99298;
			remoteInfo = PortfolioView;
		};
		C2F71B491E02CDAF00A99298 /* PBXContainerItemProxy */ = {
			isa = PBXContainerItemProxy;
			containerPortal = C2F71B1F1E02CDAE00A99298 /* Project object */;
			proxyType = 1;
			remoteGlobalIDString = C2F71B261E02CDAE00A99298;
			remoteInfo = PortfolioView;
		};
/* End PBXContainerItemProxy section */

/* Begin PBXFileReference section */
		066E3B17F2E6FBB1A3EEB9EC /* Pods-PortfolioViewUITests.debug.xcconfig */ = {isa = PBXFileReference; includeInIndex = 1; lastKnownFileType = text.xcconfig; name = "Pods-PortfolioViewUITests.debug.xcconfig"; path = "Pods/Target Support Files/Pods-PortfolioViewUITests/Pods-PortfolioViewUITests.debug.xcconfig"; sourceTree = "<group>"; };
		473AEACE6415AFD757B22352 /* Pods_PortfolioViewTests.framework */ = {isa = PBXFileReference; explicitFileType = wrapper.framework; includeInIndex = 0; path = Pods_PortfolioViewTests.framework; sourceTree = BUILT_PRODUCTS_DIR; };
		4AF53D2FF6381B2914EA3EC6 /* Pods-PortfolioViewUITests.release.xcconfig */ = {isa = PBXFileReference; includeInIndex = 1; lastKnownFileType = text.xcconfig; name = "Pods-PortfolioViewUITests.release.xcconfig"; path = "Pods/Target Support Files/Pods-PortfolioViewUITests/Pods-PortfolioViewUITests.release.xcconfig"; sourceTree = "<group>"; };
		5D5F9A526FFEEE84ABA4DD59 /* Pods-PortfolioViewTests.release.xcconfig */ = {isa = PBXFileReference; includeInIndex = 1; lastKnownFileType = text.xcconfig; name = "Pods-PortfolioViewTests.release.xcconfig"; path = "Pods/Target Support Files/Pods-PortfolioViewTests/Pods-PortfolioViewTests.release.xcconfig"; sourceTree = "<group>"; };
		75E9986017C8F7009D38308C /* Pods-PortfolioView.debug.xcconfig */ = {isa = PBXFileReference; includeInIndex = 1; lastKnownFileType = text.xcconfig; name = "Pods-PortfolioView.debug.xcconfig"; path = "Pods/Target Support Files/Pods-PortfolioView/Pods-PortfolioView.debug.xcconfig"; sourceTree = "<group>"; };
		7788AB0E5B366FA0B8C90319 /* Pods-PortfolioViewTests.debug.xcconfig */ = {isa = PBXFileReference; includeInIndex = 1; lastKnownFileType = text.xcconfig; name = "Pods-PortfolioViewTests.debug.xcconfig"; path = "Pods/Target Support Files/Pods-PortfolioViewTests/Pods-PortfolioViewTests.debug.xcconfig"; sourceTree = "<group>"; };
		811029D797500E3B9F1006F5 /* Pods_PortfolioViewUITests.framework */ = {isa = PBXFileReference; explicitFileType = wrapper.framework; includeInIndex = 0; path = Pods_PortfolioViewUITests.framework; sourceTree = BUILT_PRODUCTS_DIR; };
		907C060298334BF28D095050 /* Pods-PortfolioView.release.xcconfig */ = {isa = PBXFileReference; includeInIndex = 1; lastKnownFileType = text.xcconfig; name = "Pods-PortfolioView.release.xcconfig"; path = "Pods/Target Support Files/Pods-PortfolioView/Pods-PortfolioView.release.xcconfig"; sourceTree = "<group>"; };
		A18BE8FF50FDAE8F2CF63FA5 /* Pods_PortfolioView.framework */ = {isa = PBXFileReference; explicitFileType = wrapper.framework; includeInIndex = 0; path = Pods_PortfolioView.framework; sourceTree = BUILT_PRODUCTS_DIR; };
		C23208171E12A7E200E54844 /* PortfolioData.swift */ = {isa = PBXFileReference; fileEncoding = 4; lastKnownFileType = sourcecode.swift; path = PortfolioData.swift; sourceTree = "<group>"; };
		C23208281E12B57B00E54844 /* portfolioData_Inception.json */ = {isa = PBXFileReference; fileEncoding = 4; lastKnownFileType = text.json; path = portfolioData_Inception.json; sourceTree = "<group>"; };
		C2335A511E1001DC00760234 /* TelerikUI.framework */ = {isa = PBXFileReference; lastKnownFileType = wrapper.framework; path = TelerikUI.framework; sourceTree = "<group>"; };
		C2335A571E10062B00760234 /* TelerikUI-Bridging-Header.h */ = {isa = PBXFileReference; fileEncoding = 4; lastKnownFileType = sourcecode.c.h; path = "TelerikUI-Bridging-Header.h"; sourceTree = "<group>"; };
		C2335A581E100F4500760234 /* Extensions.swift */ = {isa = PBXFileReference; fileEncoding = 4; lastKnownFileType = sourcecode.swift; path = Extensions.swift; sourceTree = "<group>"; };
		C2335A5A1E103BDE00760234 /* Transitions.swift */ = {isa = PBXFileReference; fileEncoding = 4; lastKnownFileType = sourcecode.swift; path = Transitions.swift; sourceTree = "<group>"; };
		C2F71B271E02CDAE00A99298 /* PortfolioView.app */ = {isa = PBXFileReference; explicitFileType = wrapper.application; includeInIndex = 0; path = PortfolioView.app; sourceTree = BUILT_PRODUCTS_DIR; };
		C2F71B2A1E02CDAE00A99298 /* AppDelegate.swift */ = {isa = PBXFileReference; lastKnownFileType = sourcecode.swift; path = AppDelegate.swift; sourceTree = "<group>"; };
		C2F71B311E02CDAF00A99298 /* Base */ = {isa = PBXFileReference; lastKnownFileType = file.storyboard; name = Base; path = Base.lproj/Main.storyboard; sourceTree = "<group>"; };
		C2F71B331E02CDAF00A99298 /* Assets.xcassets */ = {isa = PBXFileReference; lastKnownFileType = folder.assetcatalog; path = Assets.xcassets; sourceTree = "<group>"; };
		C2F71B361E02CDAF00A99298 /* Base */ = {isa = PBXFileReference; lastKnownFileType = file.storyboard; name = Base; path = Base.lproj/LaunchScreen.storyboard; sourceTree = "<group>"; };
		C2F71B381E02CDAF00A99298 /* Info.plist */ = {isa = PBXFileReference; lastKnownFileType = text.plist.xml; path = Info.plist; sourceTree = "<group>"; };
		C2F71B3D1E02CDAF00A99298 /* PortfolioViewTests.xctest */ = {isa = PBXFileReference; explicitFileType = wrapper.cfbundle; includeInIndex = 0; path = PortfolioViewTests.xctest; sourceTree = BUILT_PRODUCTS_DIR; };
		C2F71B411E02CDAF00A99298 /* PortfolioViewTests.swift */ = {isa = PBXFileReference; lastKnownFileType = sourcecode.swift; path = PortfolioViewTests.swift; sourceTree = "<group>"; };
		C2F71B431E02CDAF00A99298 /* Info.plist */ = {isa = PBXFileReference; lastKnownFileType = text.plist.xml; path = Info.plist; sourceTree = "<group>"; };
		C2F71B481E02CDAF00A99298 /* PortfolioViewUITests.xctest */ = {isa = PBXFileReference; explicitFileType = wrapper.cfbundle; includeInIndex = 0; path = PortfolioViewUITests.xctest; sourceTree = BUILT_PRODUCTS_DIR; };
		C2F71B4C1E02CDAF00A99298 /* PortfolioViewUITests.swift */ = {isa = PBXFileReference; lastKnownFileType = sourcecode.swift; path = PortfolioViewUITests.swift; sourceTree = "<group>"; };
		C2F71B4E1E02CDAF00A99298 /* Info.plist */ = {isa = PBXFileReference; lastKnownFileType = text.plist.xml; path = Info.plist; sourceTree = "<group>"; };
		C2F71B5A1E038AEA00A99298 /* DashboardViewController.swift */ = {isa = PBXFileReference; fileEncoding = 4; lastKnownFileType = sourcecode.swift; path = DashboardViewController.swift; sourceTree = "<group>"; };
/* End PBXFileReference section */

/* Begin PBXFrameworksBuildPhase section */
		C2F71B241E02CDAE00A99298 /* Frameworks */ = {
			isa = PBXFrameworksBuildPhase;
			buildActionMask = 2147483647;
			files = (
				C2335A521E1001DC00760234 /* TelerikUI.framework in Frameworks */,
				12D5750DE9B609560702031B /* Pods_PortfolioView.framework in Frameworks */,
			);
			runOnlyForDeploymentPostprocessing = 0;
		};
		C2F71B3A1E02CDAF00A99298 /* Frameworks */ = {
			isa = PBXFrameworksBuildPhase;
			buildActionMask = 2147483647;
			files = (
				ED5A44665489E400EB733ECD /* Pods_PortfolioViewTests.framework in Frameworks */,
			);
			runOnlyForDeploymentPostprocessing = 0;
		};
		C2F71B451E02CDAF00A99298 /* Frameworks */ = {
			isa = PBXFrameworksBuildPhase;
			buildActionMask = 2147483647;
			files = (
				E2738F2007961ACACAB10BE1 /* Pods_PortfolioViewUITests.framework in Frameworks */,
			);
			runOnlyForDeploymentPostprocessing = 0;
		};
/* End PBXFrameworksBuildPhase section */

/* Begin PBXGroup section */
		0A12C63C86F245437CD5F59E /* Frameworks */ = {
			isa = PBXGroup;
			children = (
				C2335A511E1001DC00760234 /* TelerikUI.framework */,
				A18BE8FF50FDAE8F2CF63FA5 /* Pods_PortfolioView.framework */,
				473AEACE6415AFD757B22352 /* Pods_PortfolioViewTests.framework */,
				811029D797500E3B9F1006F5 /* Pods_PortfolioViewUITests.framework */,
			);
			name = Frameworks;
			sourceTree = "<group>";
		};
		567533CD85E00667D96AEC34 /* Pods */ = {
			isa = PBXGroup;
			children = (
				75E9986017C8F7009D38308C /* Pods-PortfolioView.debug.xcconfig */,
				907C060298334BF28D095050 /* Pods-PortfolioView.release.xcconfig */,
				7788AB0E5B366FA0B8C90319 /* Pods-PortfolioViewTests.debug.xcconfig */,
				5D5F9A526FFEEE84ABA4DD59 /* Pods-PortfolioViewTests.release.xcconfig */,
				066E3B17F2E6FBB1A3EEB9EC /* Pods-PortfolioViewUITests.debug.xcconfig */,
				4AF53D2FF6381B2914EA3EC6 /* Pods-PortfolioViewUITests.release.xcconfig */,
			);
			name = Pods;
			sourceTree = "<group>";
		};
		C2F71B1E1E02CDAE00A99298 = {
			isa = PBXGroup;
			children = (
				C2F71B291E02CDAE00A99298 /* PortfolioView */,
				C2F71B401E02CDAF00A99298 /* PortfolioViewTests */,
				C2F71B4B1E02CDAF00A99298 /* PortfolioViewUITests */,
				C2F71B281E02CDAE00A99298 /* Products */,
				567533CD85E00667D96AEC34 /* Pods */,
				0A12C63C86F245437CD5F59E /* Frameworks */,
			);
			sourceTree = "<group>";
		};
		C2F71B281E02CDAE00A99298 /* Products */ = {
			isa = PBXGroup;
			children = (
				C2F71B271E02CDAE00A99298 /* PortfolioView.app */,
				C2F71B3D1E02CDAF00A99298 /* PortfolioViewTests.xctest */,
				C2F71B481E02CDAF00A99298 /* PortfolioViewUITests.xctest */,
			);
			name = Products;
			sourceTree = "<group>";
		};
		C2F71B291E02CDAE00A99298 /* PortfolioView */ = {
			isa = PBXGroup;
			children = (
				C2335A571E10062B00760234 /* TelerikUI-Bridging-Header.h */,
				C2F71B2A1E02CDAE00A99298 /* AppDelegate.swift */,
				C2F71B301E02CDAF00A99298 /* Main.storyboard */,
				C2F71B331E02CDAF00A99298 /* Assets.xcassets */,
				C2F71B351E02CDAF00A99298 /* LaunchScreen.storyboard */,
				C2F71B381E02CDAF00A99298 /* Info.plist */,
				C2F71B5A1E038AEA00A99298 /* DashboardViewController.swift */,
				C2335A581E100F4500760234 /* Extensions.swift */,
				C2335A5A1E103BDE00760234 /* Transitions.swift */,
				C23208171E12A7E200E54844 /* PortfolioData.swift */,
				C23208281E12B57B00E54844 /* portfolioData_Inception.json */,
			);
			path = PortfolioView;
			sourceTree = "<group>";
		};
		C2F71B401E02CDAF00A99298 /* PortfolioViewTests */ = {
			isa = PBXGroup;
			children = (
				C2F71B411E02CDAF00A99298 /* PortfolioViewTests.swift */,
				C2F71B431E02CDAF00A99298 /* Info.plist */,
			);
			path = PortfolioViewTests;
			sourceTree = "<group>";
		};
		C2F71B4B1E02CDAF00A99298 /* PortfolioViewUITests */ = {
			isa = PBXGroup;
			children = (
				C2F71B4C1E02CDAF00A99298 /* PortfolioViewUITests.swift */,
				C2F71B4E1E02CDAF00A99298 /* Info.plist */,
			);
			path = PortfolioViewUITests;
			sourceTree = "<group>";
		};
/* End PBXGroup section */

/* Begin PBXNativeTarget section */
		C2F71B261E02CDAE00A99298 /* PortfolioView */ = {
			isa = PBXNativeTarget;
			buildConfigurationList = C2F71B511E02CDAF00A99298 /* Build configuration list for PBXNativeTarget "PortfolioView" */;
			buildPhases = (
				C3CE913B3A0F2FA12B47C71A /* [CP] Check Pods Manifest.lock */,
				C2F71B231E02CDAE00A99298 /* Sources */,
				C2F71B241E02CDAE00A99298 /* Frameworks */,
				C2F71B251E02CDAE00A99298 /* Resources */,
				CAC91DD27D12244EC5A2A6F3 /* [CP] Embed Pods Frameworks */,
				B0A538CCCE1944ED714429F6 /* [CP] Copy Pods Resources */,
			);
			buildRules = (
			);
			dependencies = (
			);
			name = PortfolioView;
			productName = PortfolioView;
			productReference = C2F71B271E02CDAE00A99298 /* PortfolioView.app */;
			productType = "com.apple.product-type.application";
		};
		C2F71B3C1E02CDAF00A99298 /* PortfolioViewTests */ = {
			isa = PBXNativeTarget;
			buildConfigurationList = C2F71B541E02CDAF00A99298 /* Build configuration list for PBXNativeTarget "PortfolioViewTests" */;
			buildPhases = (
				23F827F502667B00FC9EECDE /* [CP] Check Pods Manifest.lock */,
				C2F71B391E02CDAF00A99298 /* Sources */,
				C2F71B3A1E02CDAF00A99298 /* Frameworks */,
				C2F71B3B1E02CDAF00A99298 /* Resources */,
				606FD8570116ADC4B03EBD7E /* [CP] Embed Pods Frameworks */,
				A971DC1F4463573C32105DDC /* [CP] Copy Pods Resources */,
			);
			buildRules = (
			);
			dependencies = (
				C2F71B3F1E02CDAF00A99298 /* PBXTargetDependency */,
			);
			name = PortfolioViewTests;
			productName = PortfolioViewTests;
			productReference = C2F71B3D1E02CDAF00A99298 /* PortfolioViewTests.xctest */;
			productType = "com.apple.product-type.bundle.unit-test";
		};
		C2F71B471E02CDAF00A99298 /* PortfolioViewUITests */ = {
			isa = PBXNativeTarget;
			buildConfigurationList = C2F71B571E02CDAF00A99298 /* Build configuration list for PBXNativeTarget "PortfolioViewUITests" */;
			buildPhases = (
				06868A0213C980EA05F8B0FF /* [CP] Check Pods Manifest.lock */,
				C2F71B441E02CDAF00A99298 /* Sources */,
				C2F71B451E02CDAF00A99298 /* Frameworks */,
				C2F71B461E02CDAF00A99298 /* Resources */,
				5CBF76297193A99558FFD675 /* [CP] Embed Pods Frameworks */,
				E5F1F6020F027B6EB138D111 /* [CP] Copy Pods Resources */,
			);
			buildRules = (
			);
			dependencies = (
				C2F71B4A1E02CDAF00A99298 /* PBXTargetDependency */,
			);
			name = PortfolioViewUITests;
			productName = PortfolioViewUITests;
			productReference = C2F71B481E02CDAF00A99298 /* PortfolioViewUITests.xctest */;
			productType = "com.apple.product-type.bundle.ui-testing";
		};
/* End PBXNativeTarget section */

/* Begin PBXProject section */
		C2F71B1F1E02CDAE00A99298 /* Project object */ = {
			isa = PBXProject;
			attributes = {
				LastSwiftUpdateCheck = 0800;
				LastUpgradeCheck = 0800;
				ORGANIZATIONNAME = "Abhishek Sharma";
				TargetAttributes = {
					C2F71B261E02CDAE00A99298 = {
						CreatedOnToolsVersion = 8.0;
						DevelopmentTeam = WEWC6Q3ZN7;
						ProvisioningStyle = Automatic;
					};
					C2F71B3C1E02CDAF00A99298 = {
						CreatedOnToolsVersion = 8.0;
						ProvisioningStyle = Automatic;
						TestTargetID = C2F71B261E02CDAE00A99298;
					};
					C2F71B471E02CDAF00A99298 = {
						CreatedOnToolsVersion = 8.0;
						ProvisioningStyle = Automatic;
						TestTargetID = C2F71B261E02CDAE00A99298;
					};
				};
			};
			buildConfigurationList = C2F71B221E02CDAE00A99298 /* Build configuration list for PBXProject "PortfolioView" */;
			compatibilityVersion = "Xcode 3.2";
			developmentRegion = English;
			hasScannedForEncodings = 0;
			knownRegions = (
				en,
				Base,
			);
			mainGroup = C2F71B1E1E02CDAE00A99298;
			productRefGroup = C2F71B281E02CDAE00A99298 /* Products */;
			projectDirPath = "";
			projectRoot = "";
			targets = (
				C2F71B261E02CDAE00A99298 /* PortfolioView */,
				C2F71B3C1E02CDAF00A99298 /* PortfolioViewTests */,
				C2F71B471E02CDAF00A99298 /* PortfolioViewUITests */,
			);
		};
/* End PBXProject section */

/* Begin PBXResourcesBuildPhase section */
		C2F71B251E02CDAE00A99298 /* Resources */ = {
			isa = PBXResourcesBuildPhase;
			buildActionMask = 2147483647;
			files = (
				C2F71B371E02CDAF00A99298 /* LaunchScreen.storyboard in Resources */,
				C23208291E12B57B00E54844 /* portfolioData_Inception.json in Resources */,
				C2F71B341E02CDAF00A99298 /* Assets.xcassets in Resources */,
				C2F71B321E02CDAF00A99298 /* Main.storyboard in Resources */,
			);
			runOnlyForDeploymentPostprocessing = 0;
		};
		C2F71B3B1E02CDAF00A99298 /* Resources */ = {
			isa = PBXResourcesBuildPhase;
			buildActionMask = 2147483647;
			files = (
			);
			runOnlyForDeploymentPostprocessing = 0;
		};
		C2F71B461E02CDAF00A99298 /* Resources */ = {
			isa = PBXResourcesBuildPhase;
			buildActionMask = 2147483647;
			files = (
			);
			runOnlyForDeploymentPostprocessing = 0;
		};
/* End PBXResourcesBuildPhase section */

/* Begin PBXShellScriptBuildPhase section */
		06868A0213C980EA05F8B0FF /* [CP] Check Pods Manifest.lock */ = {
			isa = PBXShellScriptBuildPhase;
			buildActionMask = 2147483647;
			files = (
			);
			inputPaths = (
			);
			name = "[CP] Check Pods Manifest.lock";
			outputPaths = (
			);
			runOnlyForDeploymentPostprocessing = 0;
			shellPath = /bin/sh;
			shellScript = "diff \"${PODS_ROOT}/../Podfile.lock\" \"${PODS_ROOT}/Manifest.lock\" > /dev/null\nif [ $? != 0 ] ; then\n    # print error to STDERR\n    echo \"error: The sandbox is not in sync with the Podfile.lock. Run 'pod install' or update your CocoaPods installation.\" >&2\n    exit 1\nfi\n";
			showEnvVarsInLog = 0;
		};
		23F827F502667B00FC9EECDE /* [CP] Check Pods Manifest.lock */ = {
			isa = PBXShellScriptBuildPhase;
			buildActionMask = 2147483647;
			files = (
			);
			inputPaths = (
			);
			name = "[CP] Check Pods Manifest.lock";
			outputPaths = (
			);
			runOnlyForDeploymentPostprocessing = 0;
			shellPath = /bin/sh;
			shellScript = "diff \"${PODS_ROOT}/../Podfile.lock\" \"${PODS_ROOT}/Manifest.lock\" > /dev/null\nif [ $? != 0 ] ; then\n    # print error to STDERR\n    echo \"error: The sandbox is not in sync with the Podfile.lock. Run 'pod install' or update your CocoaPods installation.\" >&2\n    exit 1\nfi\n";
			showEnvVarsInLog = 0;
		};
		5CBF76297193A99558FFD675 /* [CP] Embed Pods Frameworks */ = {
			isa = PBXShellScriptBuildPhase;
			buildActionMask = 2147483647;
			files = (
			);
			inputPaths = (
			);
			name = "[CP] Embed Pods Frameworks";
			outputPaths = (
			);
			runOnlyForDeploymentPostprocessing = 0;
			shellPath = /bin/sh;
			shellScript = "\"${SRCROOT}/Pods/Target Support Files/Pods-PortfolioViewUITests/Pods-PortfolioViewUITests-frameworks.sh\"\n";
			showEnvVarsInLog = 0;
		};
		606FD8570116ADC4B03EBD7E /* [CP] Embed Pods Frameworks */ = {
			isa = PBXShellScriptBuildPhase;
			buildActionMask = 2147483647;
			files = (
			);
			inputPaths = (
			);
			name = "[CP] Embed Pods Frameworks";
			outputPaths = (
			);
			runOnlyForDeploymentPostprocessing = 0;
			shellPath = /bin/sh;
			shellScript = "\"${SRCROOT}/Pods/Target Support Files/Pods-PortfolioViewTests/Pods-PortfolioViewTests-frameworks.sh\"\n";
			showEnvVarsInLog = 0;
		};
		A971DC1F4463573C32105DDC /* [CP] Copy Pods Resources */ = {
			isa = PBXShellScriptBuildPhase;
			buildActionMask = 2147483647;
			files = (
			);
			inputPaths = (
			);
			name = "[CP] Copy Pods Resources";
			outputPaths = (
			);
			runOnlyForDeploymentPostprocessing = 0;
			shellPath = /bin/sh;
			shellScript = "\"${SRCROOT}/Pods/Target Support Files/Pods-PortfolioViewTests/Pods-PortfolioViewTests-resources.sh\"\n";
			showEnvVarsInLog = 0;
		};
		B0A538CCCE1944ED714429F6 /* [CP] Copy Pods Resources */ = {
			isa = PBXShellScriptBuildPhase;
			buildActionMask = 2147483647;
			files = (
			);
			inputPaths = (
			);
			name = "[CP] Copy Pods Resources";
			outputPaths = (
			);
			runOnlyForDeploymentPostprocessing = 0;
			shellPath = /bin/sh;
			shellScript = "\"${SRCROOT}/Pods/Target Support Files/Pods-PortfolioView/Pods-PortfolioView-resources.sh\"\n";
			showEnvVarsInLog = 0;
		};
		C3CE913B3A0F2FA12B47C71A /* [CP] Check Pods Manifest.lock */ = {
			isa = PBXShellScriptBuildPhase;
			buildActionMask = 2147483647;
			files = (
			);
			inputPaths = (
			);
			name = "[CP] Check Pods Manifest.lock";
			outputPaths = (
			);
			runOnlyForDeploymentPostprocessing = 0;
			shellPath = /bin/sh;
			shellScript = "diff \"${PODS_ROOT}/../Podfile.lock\" \"${PODS_ROOT}/Manifest.lock\" > /dev/null\nif [ $? != 0 ] ; then\n    # print error to STDERR\n    echo \"error: The sandbox is not in sync with the Podfile.lock. Run 'pod install' or update your CocoaPods installation.\" >&2\n    exit 1\nfi\n";
			showEnvVarsInLog = 0;
		};
		CAC91DD27D12244EC5A2A6F3 /* [CP] Embed Pods Frameworks */ = {
			isa = PBXShellScriptBuildPhase;
			buildActionMask = 2147483647;
			files = (
			);
			inputPaths = (
			);
			name = "[CP] Embed Pods Frameworks";
			outputPaths = (
			);
			runOnlyForDeploymentPostprocessing = 0;
			shellPath = /bin/sh;
			shellScript = "\"${SRCROOT}/Pods/Target Support Files/Pods-PortfolioView/Pods-PortfolioView-frameworks.sh\"\n";
			showEnvVarsInLog = 0;
		};
		E5F1F6020F027B6EB138D111 /* [CP] Copy Pods Resources */ = {
			isa = PBXShellScriptBuildPhase;
			buildActionMask = 2147483647;
			files = (
			);
			inputPaths = (
			);
			name = "[CP] Copy Pods Resources";
			outputPaths = (
			);
			runOnlyForDeploymentPostprocessing = 0;
			shellPath = /bin/sh;
			shellScript = "\"${SRCROOT}/Pods/Target Support Files/Pods-PortfolioViewUITests/Pods-PortfolioViewUITests-resources.sh\"\n";
			showEnvVarsInLog = 0;
		};
/* End PBXShellScriptBuildPhase section */

/* Begin PBXSourcesBuildPhase section */
		C2F71B231E02CDAE00A99298 /* Sources */ = {
			isa = PBXSourcesBuildPhase;
			buildActionMask = 2147483647;
			files = (
				C2F71B2B1E02CDAE00A99298 /* AppDelegate.swift in Sources */,
				C23208181E12A7E200E54844 /* PortfolioData.swift in Sources */,
				C2335A591E100F4500760234 /* Extensions.swift in Sources */,
				C2335A5B1E103BDE00760234 /* Transitions.swift in Sources */,
				C2F71B5B1E038AEA00A99298 /* DashboardViewController.swift in Sources */,
			);
			runOnlyForDeploymentPostprocessing = 0;
		};
		C2F71B391E02CDAF00A99298 /* Sources */ = {
			isa = PBXSourcesBuildPhase;
			buildActionMask = 2147483647;
			files = (
				C2F71B421E02CDAF00A99298 /* PortfolioViewTests.swift in Sources */,
			);
			runOnlyForDeploymentPostprocessing = 0;
		};
		C2F71B441E02CDAF00A99298 /* Sources */ = {
			isa = PBXSourcesBuildPhase;
			buildActionMask = 2147483647;
			files = (
				C2F71B4D1E02CDAF00A99298 /* PortfolioViewUITests.swift in Sources */,
			);
			runOnlyForDeploymentPostprocessing = 0;
		};
/* End PBXSourcesBuildPhase section */

/* Begin PBXTargetDependency section */
		C2F71B3F1E02CDAF00A99298 /* PBXTargetDependency */ = {
			isa = PBXTargetDependency;
			target = C2F71B261E02CDAE00A99298 /* PortfolioView */;
			targetProxy = C2F71B3E1E02CDAF00A99298 /* PBXContainerItemProxy */;
		};
		C2F71B4A1E02CDAF00A99298 /* PBXTargetDependency */ = {
			isa = PBXTargetDependency;
			target = C2F71B261E02CDAE00A99298 /* PortfolioView */;
			targetProxy = C2F71B491E02CDAF00A99298 /* PBXContainerItemProxy */;
		};
/* End PBXTargetDependency section */

/* Begin PBXVariantGroup section */
		C2F71B301E02CDAF00A99298 /* Main.storyboard */ = {
			isa = PBXVariantGroup;
			children = (
				C2F71B311E02CDAF00A99298 /* Base */,
			);
			name = Main.storyboard;
			sourceTree = "<group>";
		};
		C2F71B351E02CDAF00A99298 /* LaunchScreen.storyboard */ = {
			isa = PBXVariantGroup;
			children = (
				C2F71B361E02CDAF00A99298 /* Base */,
			);
			name = LaunchScreen.storyboard;
			sourceTree = "<group>";
		};
/* End PBXVariantGroup section */

/* Begin XCBuildConfiguration section */
		C2F71B4F1E02CDAF00A99298 /* Debug */ = {
			isa = XCBuildConfiguration;
			buildSettings = {
				ALWAYS_EMBED_SWIFT_STANDARD_LIBRARIES = NO;
				ALWAYS_SEARCH_USER_PATHS = NO;
				CLANG_ANALYZER_NONNULL = YES;
				CLANG_CXX_LANGUAGE_STANDARD = "gnu++0x";
				CLANG_CXX_LIBRARY = "libc++";
				CLANG_ENABLE_MODULES = YES;
				CLANG_ENABLE_OBJC_ARC = YES;
				CLANG_WARN_BOOL_CONVERSION = YES;
				CLANG_WARN_CONSTANT_CONVERSION = YES;
				CLANG_WARN_DIRECT_OBJC_ISA_USAGE = YES_ERROR;
				CLANG_WARN_DOCUMENTATION_COMMENTS = YES;
				CLANG_WARN_EMPTY_BODY = YES;
				CLANG_WARN_ENUM_CONVERSION = YES;
				CLANG_WARN_INFINITE_RECURSION = YES;
				CLANG_WARN_INT_CONVERSION = YES;
				CLANG_WARN_OBJC_ROOT_CLASS = YES_ERROR;
				CLANG_WARN_SUSPICIOUS_MOVE = YES;
				CLANG_WARN_SUSPICIOUS_MOVES = YES;
				CLANG_WARN_UNREACHABLE_CODE = YES;
				CLANG_WARN__DUPLICATE_METHOD_MATCH = YES;
				"CODE_SIGN_IDENTITY[sdk=iphoneos*]" = "iPhone Developer";
				COPY_PHASE_STRIP = NO;
				DEBUG_INFORMATION_FORMAT = dwarf;
				ENABLE_STRICT_OBJC_MSGSEND = YES;
				ENABLE_TESTABILITY = YES;
				GCC_C_LANGUAGE_STANDARD = gnu99;
				GCC_DYNAMIC_NO_PIC = NO;
				GCC_NO_COMMON_BLOCKS = YES;
				GCC_OPTIMIZATION_LEVEL = 0;
				GCC_PREPROCESSOR_DEFINITIONS = (
					"DEBUG=1",
					"$(inherited)",
				);
				GCC_WARN_64_TO_32_BIT_CONVERSION = YES;
				GCC_WARN_ABOUT_RETURN_TYPE = YES_ERROR;
				GCC_WARN_UNDECLARED_SELECTOR = YES;
				GCC_WARN_UNINITIALIZED_AUTOS = YES_AGGRESSIVE;
				GCC_WARN_UNUSED_FUNCTION = YES;
				GCC_WARN_UNUSED_VARIABLE = YES;
				IPHONEOS_DEPLOYMENT_TARGET = 10.0;
				MTL_ENABLE_DEBUG_INFO = YES;
				ONLY_ACTIVE_ARCH = YES;
				SDKROOT = iphoneos;
				SWIFT_ACTIVE_COMPILATION_CONDITIONS = DEBUG;
				SWIFT_OBJC_BRIDGING_HEADER = "./PortfolioView/TelerikUI-Bridging-Header.h";
				SWIFT_OPTIMIZATION_LEVEL = "-Onone";
			};
			name = Debug;
		};
		C2F71B501E02CDAF00A99298 /* Release */ = {
			isa = XCBuildConfiguration;
			buildSettings = {
				ALWAYS_EMBED_SWIFT_STANDARD_LIBRARIES = NO;
				ALWAYS_SEARCH_USER_PATHS = NO;
				CLANG_ANALYZER_NONNULL = YES;
				CLANG_CXX_LANGUAGE_STANDARD = "gnu++0x";
				CLANG_CXX_LIBRARY = "libc++";
				CLANG_ENABLE_MODULES = YES;
				CLANG_ENABLE_OBJC_ARC = YES;
				CLANG_WARN_BOOL_CONVERSION = YES;
				CLANG_WARN_CONSTANT_CONVERSION = YES;
				CLANG_WARN_DIRECT_OBJC_ISA_USAGE = YES_ERROR;
				CLANG_WARN_DOCUMENTATION_COMMENTS = YES;
				CLANG_WARN_EMPTY_BODY = YES;
				CLANG_WARN_ENUM_CONVERSION = YES;
				CLANG_WARN_INFINITE_RECURSION = YES;
				CLANG_WARN_INT_CONVERSION = YES;
				CLANG_WARN_OBJC_ROOT_CLASS = YES_ERROR;
				CLANG_WARN_SUSPICIOUS_MOVE = YES;
				CLANG_WARN_SUSPICIOUS_MOVES = YES;
				CLANG_WARN_UNREACHABLE_CODE = YES;
				CLANG_WARN__DUPLICATE_METHOD_MATCH = YES;
				"CODE_SIGN_IDENTITY[sdk=iphoneos*]" = "iPhone Developer";
				COPY_PHASE_STRIP = NO;
				DEBUG_INFORMATION_FORMAT = "dwarf-with-dsym";
				ENABLE_NS_ASSERTIONS = NO;
				ENABLE_STRICT_OBJC_MSGSEND = YES;
				GCC_C_LANGUAGE_STANDARD = gnu99;
				GCC_NO_COMMON_BLOCKS = YES;
				GCC_WARN_64_TO_32_BIT_CONVERSION = YES;
				GCC_WARN_ABOUT_RETURN_TYPE = YES_ERROR;
				GCC_WARN_UNDECLARED_SELECTOR = YES;
				GCC_WARN_UNINITIALIZED_AUTOS = YES_AGGRESSIVE;
				GCC_WARN_UNUSED_FUNCTION = YES;
				GCC_WARN_UNUSED_VARIABLE = YES;
				IPHONEOS_DEPLOYMENT_TARGET = 10.0;
				MTL_ENABLE_DEBUG_INFO = NO;
				SDKROOT = iphoneos;
				SWIFT_OBJC_BRIDGING_HEADER = "./PortfolioView/TelerikUI-Bridging-Header.h";
				SWIFT_OPTIMIZATION_LEVEL = "-Owholemodule";
				VALIDATE_PRODUCT = YES;
			};
			name = Release;
		};
		C2F71B521E02CDAF00A99298 /* Debug */ = {
			isa = XCBuildConfiguration;
			baseConfigurationReference = 75E9986017C8F7009D38308C /* Pods-PortfolioView.debug.xcconfig */;
			buildSettings = {
				ALWAYS_EMBED_SWIFT_STANDARD_LIBRARIES = YES;
				ASSETCATALOG_COMPILER_APPICON_NAME = AppIcon;
				DEVELOPMENT_TEAM = WEWC6Q3ZN7;
				ENABLE_BITCODE = NO;
				FRAMEWORK_SEARCH_PATHS = (
					"$(inherited)",
					"$(PROJECT_DIR)",
				);
				INFOPLIST_FILE = PortfolioView/Info.plist;
				LD_RUNPATH_SEARCH_PATHS = "$(inherited) @executable_path/Frameworks";
				PRODUCT_BUNDLE_IDENTIFIER = algolic.PortfolioView;
				PRODUCT_NAME = "$(TARGET_NAME)";
				SWIFT_VERSION = 3.0;
			};
			name = Debug;
		};
		C2F71B531E02CDAF00A99298 /* Release */ = {
			isa = XCBuildConfiguration;
			baseConfigurationReference = 907C060298334BF28D095050 /* Pods-PortfolioView.release.xcconfig */;
			buildSettings = {
				ALWAYS_EMBED_SWIFT_STANDARD_LIBRARIES = YES;
				ASSETCATALOG_COMPILER_APPICON_NAME = AppIcon;
				DEVELOPMENT_TEAM = WEWC6Q3ZN7;
				ENABLE_BITCODE = NO;
				FRAMEWORK_SEARCH_PATHS = (
					"$(inherited)",
					"$(PROJECT_DIR)",
				);
				INFOPLIST_FILE = PortfolioView/Info.plist;
				LD_RUNPATH_SEARCH_PATHS = "$(inherited) @executable_path/Frameworks";
				PRODUCT_BUNDLE_IDENTIFIER = algolic.PortfolioView;
				PRODUCT_NAME = "$(TARGET_NAME)";
				SWIFT_VERSION = 3.0;
			};
			name = Release;
		};
		C2F71B551E02CDAF00A99298 /* Debug */ = {
			isa = XCBuildConfiguration;
			baseConfigurationReference = 7788AB0E5B366FA0B8C90319 /* Pods-PortfolioViewTests.debug.xcconfig */;
			buildSettings = {
				ALWAYS_EMBED_SWIFT_STANDARD_LIBRARIES = YES;
				BUNDLE_LOADER = "$(TEST_HOST)";
				INFOPLIST_FILE = PortfolioViewTests/Info.plist;
				LD_RUNPATH_SEARCH_PATHS = "$(inherited) @executable_path/Frameworks @loader_path/Frameworks";
				PRODUCT_BUNDLE_IDENTIFIER = algolic.PortfolioViewTests;
				PRODUCT_NAME = "$(TARGET_NAME)";
				SWIFT_VERSION = 3.0;
				TEST_HOST = "$(BUILT_PRODUCTS_DIR)/PortfolioView.app/PortfolioView";
			};
			name = Debug;
		};
		C2F71B561E02CDAF00A99298 /* Release */ = {
			isa = XCBuildConfiguration;
			baseConfigurationReference = 5D5F9A526FFEEE84ABA4DD59 /* Pods-PortfolioViewTests.release.xcconfig */;
			buildSettings = {
				ALWAYS_EMBED_SWIFT_STANDARD_LIBRARIES = YES;
				BUNDLE_LOADER = "$(TEST_HOST)";
				INFOPLIST_FILE = PortfolioViewTests/Info.plist;
				LD_RUNPATH_SEARCH_PATHS = "$(inherited) @executable_path/Frameworks @loader_path/Frameworks";
				PRODUCT_BUNDLE_IDENTIFIER = algolic.PortfolioViewTests;
				PRODUCT_NAME = "$(TARGET_NAME)";
				SWIFT_VERSION = 3.0;
				TEST_HOST = "$(BUILT_PRODUCTS_DIR)/PortfolioView.app/PortfolioView";
			};
			name = Release;
		};
		C2F71B581E02CDAF00A99298 /* Debug */ = {
			isa = XCBuildConfiguration;
			baseConfigurationReference = 066E3B17F2E6FBB1A3EEB9EC /* Pods-PortfolioViewUITests.debug.xcconfig */;
			buildSettings = {
				ALWAYS_EMBED_SWIFT_STANDARD_LIBRARIES = YES;
				INFOPLIST_FILE = PortfolioViewUITests/Info.plist;
				LD_RUNPATH_SEARCH_PATHS = "$(inherited) @executable_path/Frameworks @loader_path/Frameworks";
				PRODUCT_BUNDLE_IDENTIFIER = algolic.PortfolioViewUITests;
				PRODUCT_NAME = "$(TARGET_NAME)";
				SWIFT_VERSION = 3.0;
				TEST_TARGET_NAME = PortfolioView;
			};
			name = Debug;
		};
		C2F71B591E02CDAF00A99298 /* Release */ = {
			isa = XCBuildConfiguration;
			baseConfigurationReference = 4AF53D2FF6381B2914EA3EC6 /* Pods-PortfolioViewUITests.release.xcconfig */;
			buildSettings = {
				ALWAYS_EMBED_SWIFT_STANDARD_LIBRARIES = YES;
				INFOPLIST_FILE = PortfolioViewUITests/Info.plist;
				LD_RUNPATH_SEARCH_PATHS = "$(inherited) @executable_path/Frameworks @loader_path/Frameworks";
				PRODUCT_BUNDLE_IDENTIFIER = algolic.PortfolioViewUITests;
				PRODUCT_NAME = "$(TARGET_NAME)";
				SWIFT_VERSION = 3.0;
				TEST_TARGET_NAME = PortfolioView;
			};
			name = Release;
		};
/* End XCBuildConfiguration section */

/* Begin XCConfigurationList section */
		C2F71B221E02CDAE00A99298 /* Build configuration list for PBXProject "PortfolioView" */ = {
			isa = XCConfigurationList;
			buildConfigurations = (
				C2F71B4F1E02CDAF00A99298 /* Debug */,
				C2F71B501E02CDAF00A99298 /* Release */,
			);
			defaultConfigurationIsVisible = 0;
			defaultConfigurationName = Release;
		};
		C2F71B511E02CDAF00A99298 /* Build configuration list for PBXNativeTarget "PortfolioView" */ = {
			isa = XCConfigurationList;
			buildConfigurations = (
				C2F71B521E02CDAF00A99298 /* Debug */,
				C2F71B531E02CDAF00A99298 /* Release */,
			);
			defaultConfigurationIsVisible = 0;
			defaultConfigurationName = Release;
		};
		C2F71B541E02CDAF00A99298 /* Build configuration list for PBXNativeTarget "PortfolioViewTests" */ = {
			isa = XCConfigurationList;
			buildConfigurations = (
				C2F71B551E02CDAF00A99298 /* Debug */,
				C2F71B561E02CDAF00A99298 /* Release */,
			);
			defaultConfigurationIsVisible = 0;
			defaultConfigurationName = Release;
		};
		C2F71B571E02CDAF00A99298 /* Build configuration list for PBXNativeTarget "PortfolioViewUITests" */ = {
			isa = XCConfigurationList;
			buildConfigurations = (
				C2F71B581E02CDAF00A99298 /* Debug */,
				C2F71B591E02CDAF00A99298 /* Release */,
			);
			defaultConfigurationIsVisible = 0;
			defaultConfigurationName = Release;
		};
/* End XCConfigurationList section */
	};
	rootObject = C2F71B1F1E02CDAE00A99298 /* Project object */;
}
