// !$*UTF8*$!
{
	archiveVersion = 1;
	classes = {
	};
	objectVersion = 46;
	objects = {

/* Begin PBXBuildFile section */
		12D5750DE9B609560702031B /* Pods_PortfolioView.framework in Frameworks */ = {isa = PBXBuildFile; fileRef = A18BE8FF50FDAE8F2CF63FA5 /* Pods_PortfolioView.framework */; };
		563279D1F00D177A7F9B34DD /* Pods_PortfolioViewShared__watchOS_.framework in Frameworks */ = {isa = PBXBuildFile; fileRef = 64C7032832768F1FA28E2195 /* Pods_PortfolioViewShared__watchOS_.framework */; };
		B83301525A8CBB5E3E7A8C13 /* Pods_PortfolioViewShared__iOS_.framework in Frameworks */ = {isa = PBXBuildFile; fileRef = 7F18237E6DA37F757EE089C1 /* Pods_PortfolioViewShared__iOS_.framework */; };
		C20582981E1817BD00BE04D7 /* LoginViewController.swift in Sources */ = {isa = PBXBuildFile; fileRef = C20582971E1817BD00BE04D7 /* LoginViewController.swift */; };
		C205829B1E18198300BE04D7 /* DisclaimerViewController.swift in Sources */ = {isa = PBXBuildFile; fileRef = C205829A1E18198300BE04D7 /* DisclaimerViewController.swift */; };
		C210178F1E167F8100A7D56A /* Color.swift in Sources */ = {isa = PBXBuildFile; fileRef = C210178E1E167F8100A7D56A /* Color.swift */; };
		C21017901E167F8100A7D56A /* Color.swift in Sources */ = {isa = PBXBuildFile; fileRef = C210178E1E167F8100A7D56A /* Color.swift */; };
		C219A2381E16ADE200B10C08 /* MarketInterfaceController.swift in Sources */ = {isa = PBXBuildFile; fileRef = C219A2371E16ADE200B10C08 /* MarketInterfaceController.swift */; };
		C219A23A1E16DC3F00B10C08 /* MarketItemView.xib in Resources */ = {isa = PBXBuildFile; fileRef = C219A2391E16DC3F00B10C08 /* MarketItemView.xib */; };
		C219A23C1E16DF4F00B10C08 /* MarketItemView.swift in Sources */ = {isa = PBXBuildFile; fileRef = C219A23B1E16DF4F00B10C08 /* MarketItemView.swift */; };
		C223547F1E1A862200E9368E /* AlertRenderer.swift in Sources */ = {isa = PBXBuildFile; fileRef = C223547E1E1A862200E9368E /* AlertRenderer.swift */; };
		C22354811E1A95A800E9368E /* UserDefaultValues.swift in Sources */ = {isa = PBXBuildFile; fileRef = C22354801E1A95A800E9368E /* UserDefaultValues.swift */; };
		C23208351E12E32600E54844 /* FontHelper.swift in Sources */ = {isa = PBXBuildFile; fileRef = C23208341E12E32600E54844 /* FontHelper.swift */; };
		C23208371E13094F00E54844 /* PopOverActionsVC.swift in Sources */ = {isa = PBXBuildFile; fileRef = C23208361E13094F00E54844 /* PopOverActionsVC.swift */; };
		C2335A591E100F4500760234 /* Extensions.swift in Sources */ = {isa = PBXBuildFile; fileRef = C2335A581E100F4500760234 /* Extensions.swift */; };
		C2335A5B1E103BDE00760234 /* Transitions.swift in Sources */ = {isa = PBXBuildFile; fileRef = C2335A5A1E103BDE00760234 /* Transitions.swift */; };
		C23A74651E1780CD00113BD6 /* DashboardAccountItemView.swift in Sources */ = {isa = PBXBuildFile; fileRef = C23A74641E1780CD00113BD6 /* DashboardAccountItemView.swift */; };
		C23A74671E1780D700113BD6 /* DashboardAccountItemView.xib in Resources */ = {isa = PBXBuildFile; fileRef = C23A74661E1780D700113BD6 /* DashboardAccountItemView.xib */; };
		C23A74691E17913900113BD6 /* LegendItemView.swift in Sources */ = {isa = PBXBuildFile; fileRef = C23A74681E17913900113BD6 /* LegendItemView.swift */; };
		C23A746B1E17914900113BD6 /* LegendItemView.xib in Resources */ = {isa = PBXBuildFile; fileRef = C23A746A1E17914900113BD6 /* LegendItemView.xib */; };
		C267813B1E14786200D85E05 /* Interface.storyboard in Resources */ = {isa = PBXBuildFile; fileRef = C26781391E14786200D85E05 /* Interface.storyboard */; };
		C267813D1E14786200D85E05 /* Assets.xcassets in Resources */ = {isa = PBXBuildFile; fileRef = C267813C1E14786200D85E05 /* Assets.xcassets */; };
		C26781441E14786300D85E05 /* PortfolioView WatchApp Extension.appex in Embed App Extensions */ = {isa = PBXBuildFile; fileRef = C26781431E14786200D85E05 /* PortfolioView WatchApp Extension.appex */; settings = {ATTRIBUTES = (RemoveHeadersOnCopy, ); }; };
		C267814D1E14786300D85E05 /* ExtensionDelegate.swift in Sources */ = {isa = PBXBuildFile; fileRef = C267814C1E14786300D85E05 /* ExtensionDelegate.swift */; };
		C267814F1E14786300D85E05 /* NotificationController.swift in Sources */ = {isa = PBXBuildFile; fileRef = C267814E1E14786300D85E05 /* NotificationController.swift */; };
		C26781511E14786300D85E05 /* Assets.xcassets in Resources */ = {isa = PBXBuildFile; fileRef = C26781501E14786300D85E05 /* Assets.xcassets */; };
		C26781551E14786300D85E05 /* PortfolioView WatchApp.app in Embed Watch Content */ = {isa = PBXBuildFile; fileRef = C26781371E14786200D85E05 /* PortfolioView WatchApp.app */; };
		C2C201721E1506420020863D /* PortfolioViewShared.framework in Frameworks */ = {isa = PBXBuildFile; fileRef = C2C201691E1506420020863D /* PortfolioViewShared.framework */; };
		C2C201791E1506420020863D /* PortfolioViewSharedTests.swift in Sources */ = {isa = PBXBuildFile; fileRef = C2C201781E1506420020863D /* PortfolioViewSharedTests.swift */; };
		C2C201A01E1516B20020863D /* TelerikUI.framework in Frameworks */ = {isa = PBXBuildFile; fileRef = C2335A511E1001DC00760234 /* TelerikUI.framework */; };
		C2C201A61E15176F0020863D /* PortfolioViewShared.framework in Frameworks */ = {isa = PBXBuildFile; fileRef = C2C201691E1506420020863D /* PortfolioViewShared.framework */; };
		C2C201A71E15176F0020863D /* PortfolioViewShared.framework in Embed Frameworks */ = {isa = PBXBuildFile; fileRef = C2C201691E1506420020863D /* PortfolioViewShared.framework */; settings = {ATTRIBUTES = (CodeSignOnCopy, RemoveHeadersOnCopy, ); }; };
		C2C201AD1E1518010020863D /* portfolioData_All.json in Resources */ = {isa = PBXBuildFile; fileRef = C2C201AB1E1518010020863D /* portfolioData_All.json */; };
		C2C201AE1E1518010020863D /* PortfolioData.swift in Sources */ = {isa = PBXBuildFile; fileRef = C2C201AC1E1518010020863D /* PortfolioData.swift */; };
		C2C201BA1E1525700020863D /* portfolioData_1M.json in Resources */ = {isa = PBXBuildFile; fileRef = C2C201B51E1525700020863D /* portfolioData_1M.json */; };
		C2C201BB1E1525700020863D /* portfolioData_1Yr.json in Resources */ = {isa = PBXBuildFile; fileRef = C2C201B61E1525700020863D /* portfolioData_1Yr.json */; };
		C2C201BC1E1525700020863D /* portfolioData_3M.json in Resources */ = {isa = PBXBuildFile; fileRef = C2C201B71E1525700020863D /* portfolioData_3M.json */; };
		C2C201BD1E1525700020863D /* portfolioData_3Yr.json in Resources */ = {isa = PBXBuildFile; fileRef = C2C201B81E1525700020863D /* portfolioData_3Yr.json */; };
		C2C201BE1E1525700020863D /* portfolioData_5Yr.json in Resources */ = {isa = PBXBuildFile; fileRef = C2C201B91E1525700020863D /* portfolioData_5Yr.json */; };
		C2C201C31E152D4C0020863D /* DashboardInterfaceController.swift in Sources */ = {isa = PBXBuildFile; fileRef = C2C201C21E152D4C0020863D /* DashboardInterfaceController.swift */; };
		C2C201C41E152DAB0020863D /* Pods_PortfolioView_WatchApp_Extension.framework in Frameworks */ = {isa = PBXBuildFile; fileRef = B1EF1EE60B7933341F32EB7B /* Pods_PortfolioView_WatchApp_Extension.framework */; };
		C2C201DB1E15351E0020863D /* PortfolioViewShared.framework in Frameworks */ = {isa = PBXBuildFile; fileRef = C2C201D41E15351E0020863D /* PortfolioViewShared.framework */; };
		C2C201DC1E15351E0020863D /* PortfolioViewShared.framework in Embed Frameworks */ = {isa = PBXBuildFile; fileRef = C2C201D41E15351E0020863D /* PortfolioViewShared.framework */; settings = {ATTRIBUTES = (CodeSignOnCopy, RemoveHeadersOnCopy, ); }; };
		C2C201E31E1536A80020863D /* portfolioData_1Yr.json in Resources */ = {isa = PBXBuildFile; fileRef = C2C201B61E1525700020863D /* portfolioData_1Yr.json */; };
		C2C201E91E1538220020863D /* PortfolioData.swift in Sources */ = {isa = PBXBuildFile; fileRef = C2C201AC1E1518010020863D /* PortfolioData.swift */; };
		C2C201EA1E15382F0020863D /* portfolioData_3M.json in Resources */ = {isa = PBXBuildFile; fileRef = C2C201B71E1525700020863D /* portfolioData_3M.json */; };
		C2C201EC1E153C410020863D /* Extensions2.swift in Sources */ = {isa = PBXBuildFile; fileRef = C2C201EB1E153C410020863D /* Extensions2.swift */; };
		C2C201ED1E153C800020863D /* Extensions2.swift in Sources */ = {isa = PBXBuildFile; fileRef = C2C201EB1E153C410020863D /* Extensions2.swift */; };
		C2C201F01E153DBD0020863D /* Extensions2.swift in Sources */ = {isa = PBXBuildFile; fileRef = C2C201EB1E153C410020863D /* Extensions2.swift */; };
		C2C201F21E157F870020863D /* AllocationInterfaceController.swift in Sources */ = {isa = PBXBuildFile; fileRef = C2C201F11E157F870020863D /* AllocationInterfaceController.swift */; };
		C2C201F41E1581D00020863D /* Helper.swift in Sources */ = {isa = PBXBuildFile; fileRef = C2C201F31E1581D00020863D /* Helper.swift */; };
		C2C201F81E1595560020863D /* AccountsInterfaceController.swift in Sources */ = {isa = PBXBuildFile; fileRef = C2C201F71E1595560020863D /* AccountsInterfaceController.swift */; };
		C2C769781E19D6F800B97EB8 /* PasscodeStagingViewController.swift in Sources */ = {isa = PBXBuildFile; fileRef = C2C769771E19D6F800B97EB8 /* PasscodeStagingViewController.swift */; };
		C2C7697A1E19DBFC00B97EB8 /* LockSplashViewController.swift in Sources */ = {isa = PBXBuildFile; fileRef = C2C769791E19DBFC00B97EB8 /* LockSplashViewController.swift */; };
		C2C7697C1E19DC5100B97EB8 /* LockSplashViewController.xib in Resources */ = {isa = PBXBuildFile; fileRef = C2C7697B1E19DC5100B97EB8 /* LockSplashViewController.xib */; };
		C2F71B2B1E02CDAE00A99298 /* AppDelegate.swift in Sources */ = {isa = PBXBuildFile; fileRef = C2F71B2A1E02CDAE00A99298 /* AppDelegate.swift */; };
		C2F71B321E02CDAF00A99298 /* Main.storyboard in Resources */ = {isa = PBXBuildFile; fileRef = C2F71B301E02CDAF00A99298 /* Main.storyboard */; };
		C2F71B341E02CDAF00A99298 /* Assets.xcassets in Resources */ = {isa = PBXBuildFile; fileRef = C2F71B331E02CDAF00A99298 /* Assets.xcassets */; };
		C2F71B371E02CDAF00A99298 /* LaunchScreen.storyboard in Resources */ = {isa = PBXBuildFile; fileRef = C2F71B351E02CDAF00A99298 /* LaunchScreen.storyboard */; };
		C2F71B421E02CDAF00A99298 /* PortfolioViewTests.swift in Sources */ = {isa = PBXBuildFile; fileRef = C2F71B411E02CDAF00A99298 /* PortfolioViewTests.swift */; };
		C2F71B4D1E02CDAF00A99298 /* PortfolioViewUITests.swift in Sources */ = {isa = PBXBuildFile; fileRef = C2F71B4C1E02CDAF00A99298 /* PortfolioViewUITests.swift */; };
		C2F71B5B1E038AEA00A99298 /* DashboardViewController.swift in Sources */ = {isa = PBXBuildFile; fileRef = C2F71B5A1E038AEA00A99298 /* DashboardViewController.swift */; };
		E2738F2007961ACACAB10BE1 /* Pods_PortfolioViewUITests.framework in Frameworks */ = {isa = PBXBuildFile; fileRef = 811029D797500E3B9F1006F5 /* Pods_PortfolioViewUITests.framework */; };
		ED5A44665489E400EB733ECD /* Pods_PortfolioViewTests.framework in Frameworks */ = {isa = PBXBuildFile; fileRef = 473AEACE6415AFD757B22352 /* Pods_PortfolioViewTests.framework */; };
/* End PBXBuildFile section */

/* Begin PBXContainerItemProxy section */
		C26781451E14786300D85E05 /* PBXContainerItemProxy */ = {
			isa = PBXContainerItemProxy;
			containerPortal = C2F71B1F1E02CDAE00A99298 /* Project object */;
			proxyType = 1;
			remoteGlobalIDString = C26781421E14786200D85E05;
			remoteInfo = "PortfolioView WatchApp Extension";
		};
		C26781531E14786300D85E05 /* PBXContainerItemProxy */ = {
			isa = PBXContainerItemProxy;
			containerPortal = C2F71B1F1E02CDAE00A99298 /* Project object */;
			proxyType = 1;
			remoteGlobalIDString = C26781361E14786200D85E05;
			remoteInfo = "PortfolioView WatchApp";
		};
		C2C201731E1506420020863D /* PBXContainerItemProxy */ = {
			isa = PBXContainerItemProxy;
			containerPortal = C2F71B1F1E02CDAE00A99298 /* Project object */;
			proxyType = 1;
			remoteGlobalIDString = C2C201681E1506420020863D;
			remoteInfo = PortfolioViewShared;
		};
		C2C201751E1506420020863D /* PBXContainerItemProxy */ = {
			isa = PBXContainerItemProxy;
			containerPortal = C2F71B1F1E02CDAE00A99298 /* Project object */;
			proxyType = 1;
			remoteGlobalIDString = C2F71B261E02CDAE00A99298;
			remoteInfo = PortfolioView;
		};
		C2C201A81E15176F0020863D /* PBXContainerItemProxy */ = {
			isa = PBXContainerItemProxy;
			containerPortal = C2F71B1F1E02CDAE00A99298 /* Project object */;
			proxyType = 1;
			remoteGlobalIDString = C2C201681E1506420020863D;
			remoteInfo = PortfolioViewShared;
		};
		C2C201D91E15351E0020863D /* PBXContainerItemProxy */ = {
			isa = PBXContainerItemProxy;
			containerPortal = C2F71B1F1E02CDAE00A99298 /* Project object */;
			proxyType = 1;
			remoteGlobalIDString = C2C201D31E15351E0020863D;
			remoteInfo = "PortfolioViewShared (WatchOS)";
		};
		C2F71B3E1E02CDAF00A99298 /* PBXContainerItemProxy */ = {
			isa = PBXContainerItemProxy;
			containerPortal = C2F71B1F1E02CDAE00A99298 /* Project object */;
			proxyType = 1;
			remoteGlobalIDString = C2F71B261E02CDAE00A99298;
			remoteInfo = PortfolioView;
		};
		C2F71B491E02CDAF00A99298 /* PBXContainerItemProxy */ = {
			isa = PBXContainerItemProxy;
			containerPortal = C2F71B1F1E02CDAE00A99298 /* Project object */;
			proxyType = 1;
			remoteGlobalIDString = C2F71B261E02CDAE00A99298;
			remoteInfo = PortfolioView;
		};
/* End PBXContainerItemProxy section */

/* Begin PBXCopyFilesBuildPhase section */
		C26781591E14786300D85E05 /* Embed App Extensions */ = {
			isa = PBXCopyFilesBuildPhase;
			buildActionMask = 2147483647;
			dstPath = "";
			dstSubfolderSpec = 13;
			files = (
				C26781441E14786300D85E05 /* PortfolioView WatchApp Extension.appex in Embed App Extensions */,
			);
			name = "Embed App Extensions";
			runOnlyForDeploymentPostprocessing = 0;
		};
		C267815D1E14786300D85E05 /* Embed Watch Content */ = {
			isa = PBXCopyFilesBuildPhase;
			buildActionMask = 2147483647;
			dstPath = "$(CONTENTS_FOLDER_PATH)/Watch";
			dstSubfolderSpec = 16;
			files = (
				C26781551E14786300D85E05 /* PortfolioView WatchApp.app in Embed Watch Content */,
			);
			name = "Embed Watch Content";
			runOnlyForDeploymentPostprocessing = 0;
		};
		C2C201AA1E15176F0020863D /* Embed Frameworks */ = {
			isa = PBXCopyFilesBuildPhase;
			buildActionMask = 2147483647;
			dstPath = "";
			dstSubfolderSpec = 10;
			files = (
				C2C201A71E15176F0020863D /* PortfolioViewShared.framework in Embed Frameworks */,
			);
			name = "Embed Frameworks";
			runOnlyForDeploymentPostprocessing = 0;
		};
		C2C201CA1E152E480020863D /* Embed Frameworks */ = {
			isa = PBXCopyFilesBuildPhase;
			buildActionMask = 2147483647;
			dstPath = "";
			dstSubfolderSpec = 10;
			files = (
				C2C201DC1E15351E0020863D /* PortfolioViewShared.framework in Embed Frameworks */,
			);
			name = "Embed Frameworks";
			runOnlyForDeploymentPostprocessing = 0;
		};
/* End PBXCopyFilesBuildPhase section */

/* Begin PBXFileReference section */
		066E3B17F2E6FBB1A3EEB9EC /* Pods-PortfolioViewUITests.debug.xcconfig */ = {isa = PBXFileReference; includeInIndex = 1; lastKnownFileType = text.xcconfig; name = "Pods-PortfolioViewUITests.debug.xcconfig"; path = "Pods/Target Support Files/Pods-PortfolioViewUITests/Pods-PortfolioViewUITests.debug.xcconfig"; sourceTree = "<group>"; };
		0980BD04C877CD1249E3EFF7 /* Pods-PortfolioViewShared (watchOS).release.xcconfig */ = {isa = PBXFileReference; includeInIndex = 1; lastKnownFileType = text.xcconfig; name = "Pods-PortfolioViewShared (watchOS).release.xcconfig"; path = "Pods/Target Support Files/Pods-PortfolioViewShared (watchOS)/Pods-PortfolioViewShared (watchOS).release.xcconfig"; sourceTree = "<group>"; };
		156CDAC2F5C445CA71D1431B /* Pods-PortfolioView WatchApp Extension.debug.xcconfig */ = {isa = PBXFileReference; includeInIndex = 1; lastKnownFileType = text.xcconfig; name = "Pods-PortfolioView WatchApp Extension.debug.xcconfig"; path = "Pods/Target Support Files/Pods-PortfolioView WatchApp Extension/Pods-PortfolioView WatchApp Extension.debug.xcconfig"; sourceTree = "<group>"; };
		22F479F78698F333576F2543 /* Pods-PortfolioViewShared.release.xcconfig */ = {isa = PBXFileReference; includeInIndex = 1; lastKnownFileType = text.xcconfig; name = "Pods-PortfolioViewShared.release.xcconfig"; path = "Pods/Target Support Files/Pods-PortfolioViewShared/Pods-PortfolioViewShared.release.xcconfig"; sourceTree = "<group>"; };
		239FE8B3CDF938C04319EC50 /* Pods-PortfolioViewShared (iOS).release.xcconfig */ = {isa = PBXFileReference; includeInIndex = 1; lastKnownFileType = text.xcconfig; name = "Pods-PortfolioViewShared (iOS).release.xcconfig"; path = "Pods/Target Support Files/Pods-PortfolioViewShared (iOS)/Pods-PortfolioViewShared (iOS).release.xcconfig"; sourceTree = "<group>"; };
		473AEACE6415AFD757B22352 /* Pods_PortfolioViewTests.framework */ = {isa = PBXFileReference; explicitFileType = wrapper.framework; includeInIndex = 0; path = Pods_PortfolioViewTests.framework; sourceTree = BUILT_PRODUCTS_DIR; };
		4AF53D2FF6381B2914EA3EC6 /* Pods-PortfolioViewUITests.release.xcconfig */ = {isa = PBXFileReference; includeInIndex = 1; lastKnownFileType = text.xcconfig; name = "Pods-PortfolioViewUITests.release.xcconfig"; path = "Pods/Target Support Files/Pods-PortfolioViewUITests/Pods-PortfolioViewUITests.release.xcconfig"; sourceTree = "<group>"; };
		5C47662E5A01C3B4268E3717 /* Pods-PortfolioViewShared (watchOS).debug.xcconfig */ = {isa = PBXFileReference; includeInIndex = 1; lastKnownFileType = text.xcconfig; name = "Pods-PortfolioViewShared (watchOS).debug.xcconfig"; path = "Pods/Target Support Files/Pods-PortfolioViewShared (watchOS)/Pods-PortfolioViewShared (watchOS).debug.xcconfig"; sourceTree = "<group>"; };
		5D5F9A526FFEEE84ABA4DD59 /* Pods-PortfolioViewTests.release.xcconfig */ = {isa = PBXFileReference; includeInIndex = 1; lastKnownFileType = text.xcconfig; name = "Pods-PortfolioViewTests.release.xcconfig"; path = "Pods/Target Support Files/Pods-PortfolioViewTests/Pods-PortfolioViewTests.release.xcconfig"; sourceTree = "<group>"; };
		603CF0E26584F95248F1E9C7 /* Pods-PortfolioViewShared (iOS).debug.xcconfig */ = {isa = PBXFileReference; includeInIndex = 1; lastKnownFileType = text.xcconfig; name = "Pods-PortfolioViewShared (iOS).debug.xcconfig"; path = "Pods/Target Support Files/Pods-PortfolioViewShared (iOS)/Pods-PortfolioViewShared (iOS).debug.xcconfig"; sourceTree = "<group>"; };
		63BC0B6F3CB38C4A1754DEEC /* Pods-PortfolioView WatchApp Extension.release.xcconfig */ = {isa = PBXFileReference; includeInIndex = 1; lastKnownFileType = text.xcconfig; name = "Pods-PortfolioView WatchApp Extension.release.xcconfig"; path = "Pods/Target Support Files/Pods-PortfolioView WatchApp Extension/Pods-PortfolioView WatchApp Extension.release.xcconfig"; sourceTree = "<group>"; };
		64C7032832768F1FA28E2195 /* Pods_PortfolioViewShared__watchOS_.framework */ = {isa = PBXFileReference; explicitFileType = wrapper.framework; includeInIndex = 0; path = Pods_PortfolioViewShared__watchOS_.framework; sourceTree = BUILT_PRODUCTS_DIR; };
		75E9986017C8F7009D38308C /* Pods-PortfolioView.debug.xcconfig */ = {isa = PBXFileReference; includeInIndex = 1; lastKnownFileType = text.xcconfig; name = "Pods-PortfolioView.debug.xcconfig"; path = "Pods/Target Support Files/Pods-PortfolioView/Pods-PortfolioView.debug.xcconfig"; sourceTree = "<group>"; };
		7788AB0E5B366FA0B8C90319 /* Pods-PortfolioViewTests.debug.xcconfig */ = {isa = PBXFileReference; includeInIndex = 1; lastKnownFileType = text.xcconfig; name = "Pods-PortfolioViewTests.debug.xcconfig"; path = "Pods/Target Support Files/Pods-PortfolioViewTests/Pods-PortfolioViewTests.debug.xcconfig"; sourceTree = "<group>"; };
		7F18237E6DA37F757EE089C1 /* Pods_PortfolioViewShared__iOS_.framework */ = {isa = PBXFileReference; explicitFileType = wrapper.framework; includeInIndex = 0; path = Pods_PortfolioViewShared__iOS_.framework; sourceTree = BUILT_PRODUCTS_DIR; };
		811029D797500E3B9F1006F5 /* Pods_PortfolioViewUITests.framework */ = {isa = PBXFileReference; explicitFileType = wrapper.framework; includeInIndex = 0; path = Pods_PortfolioViewUITests.framework; sourceTree = BUILT_PRODUCTS_DIR; };
		907C060298334BF28D095050 /* Pods-PortfolioView.release.xcconfig */ = {isa = PBXFileReference; includeInIndex = 1; lastKnownFileType = text.xcconfig; name = "Pods-PortfolioView.release.xcconfig"; path = "Pods/Target Support Files/Pods-PortfolioView/Pods-PortfolioView.release.xcconfig"; sourceTree = "<group>"; };
		A18BE8FF50FDAE8F2CF63FA5 /* Pods_PortfolioView.framework */ = {isa = PBXFileReference; explicitFileType = wrapper.framework; includeInIndex = 0; path = Pods_PortfolioView.framework; sourceTree = BUILT_PRODUCTS_DIR; };
		B1EF1EE60B7933341F32EB7B /* Pods_PortfolioView_WatchApp_Extension.framework */ = {isa = PBXFileReference; explicitFileType = wrapper.framework; includeInIndex = 0; path = Pods_PortfolioView_WatchApp_Extension.framework; sourceTree = BUILT_PRODUCTS_DIR; };
		C20582971E1817BD00BE04D7 /* LoginViewController.swift */ = {isa = PBXFileReference; fileEncoding = 4; lastKnownFileType = sourcecode.swift; path = LoginViewController.swift; sourceTree = "<group>"; };
		C205829A1E18198300BE04D7 /* DisclaimerViewController.swift */ = {isa = PBXFileReference; fileEncoding = 4; lastKnownFileType = sourcecode.swift; path = DisclaimerViewController.swift; sourceTree = "<group>"; };
		C210178E1E167F8100A7D56A /* Color.swift */ = {isa = PBXFileReference; fileEncoding = 4; lastKnownFileType = sourcecode.swift; path = Color.swift; sourceTree = "<group>"; };
		C219A2371E16ADE200B10C08 /* MarketInterfaceController.swift */ = {isa = PBXFileReference; fileEncoding = 4; lastKnownFileType = sourcecode.swift; path = MarketInterfaceController.swift; sourceTree = "<group>"; };
		C219A2391E16DC3F00B10C08 /* MarketItemView.xib */ = {isa = PBXFileReference; fileEncoding = 4; lastKnownFileType = file.xib; path = MarketItemView.xib; sourceTree = "<group>"; };
		C219A23B1E16DF4F00B10C08 /* MarketItemView.swift */ = {isa = PBXFileReference; fileEncoding = 4; lastKnownFileType = sourcecode.swift; path = MarketItemView.swift; sourceTree = "<group>"; };
		C223547E1E1A862200E9368E /* AlertRenderer.swift */ = {isa = PBXFileReference; fileEncoding = 4; lastKnownFileType = sourcecode.swift; path = AlertRenderer.swift; sourceTree = "<group>"; };
		C22354801E1A95A800E9368E /* UserDefaultValues.swift */ = {isa = PBXFileReference; fileEncoding = 4; lastKnownFileType = sourcecode.swift; path = UserDefaultValues.swift; sourceTree = "<group>"; };
		C23208341E12E32600E54844 /* FontHelper.swift */ = {isa = PBXFileReference; fileEncoding = 4; lastKnownFileType = sourcecode.swift; path = FontHelper.swift; sourceTree = "<group>"; };
		C23208361E13094F00E54844 /* PopOverActionsVC.swift */ = {isa = PBXFileReference; fileEncoding = 4; lastKnownFileType = sourcecode.swift; path = PopOverActionsVC.swift; sourceTree = "<group>"; };
		C2335A511E1001DC00760234 /* TelerikUI.framework */ = {isa = PBXFileReference; lastKnownFileType = wrapper.framework; path = TelerikUI.framework; sourceTree = "<group>"; };
		C2335A581E100F4500760234 /* Extensions.swift */ = {isa = PBXFileReference; fileEncoding = 4; lastKnownFileType = sourcecode.swift; path = Extensions.swift; sourceTree = "<group>"; };
		C2335A5A1E103BDE00760234 /* Transitions.swift */ = {isa = PBXFileReference; fileEncoding = 4; lastKnownFileType = sourcecode.swift; path = Transitions.swift; sourceTree = "<group>"; };
		C23A74641E1780CD00113BD6 /* DashboardAccountItemView.swift */ = {isa = PBXFileReference; fileEncoding = 4; lastKnownFileType = sourcecode.swift; path = DashboardAccountItemView.swift; sourceTree = "<group>"; };
		C23A74661E1780D700113BD6 /* DashboardAccountItemView.xib */ = {isa = PBXFileReference; fileEncoding = 4; lastKnownFileType = file.xib; path = DashboardAccountItemView.xib; sourceTree = "<group>"; };
		C23A74681E17913900113BD6 /* LegendItemView.swift */ = {isa = PBXFileReference; fileEncoding = 4; lastKnownFileType = sourcecode.swift; path = LegendItemView.swift; sourceTree = "<group>"; };
		C23A746A1E17914900113BD6 /* LegendItemView.xib */ = {isa = PBXFileReference; fileEncoding = 4; lastKnownFileType = file.xib; path = LegendItemView.xib; sourceTree = "<group>"; };
		C26781371E14786200D85E05 /* PortfolioView WatchApp.app */ = {isa = PBXFileReference; explicitFileType = wrapper.application; includeInIndex = 0; path = "PortfolioView WatchApp.app"; sourceTree = BUILT_PRODUCTS_DIR; };
		C267813A1E14786200D85E05 /* Base */ = {isa = PBXFileReference; lastKnownFileType = file.storyboard; name = Base; path = Base.lproj/Interface.storyboard; sourceTree = "<group>"; };
		C267813C1E14786200D85E05 /* Assets.xcassets */ = {isa = PBXFileReference; lastKnownFileType = folder.assetcatalog; path = Assets.xcassets; sourceTree = "<group>"; };
		C267813E1E14786200D85E05 /* Info.plist */ = {isa = PBXFileReference; lastKnownFileType = text.plist.xml; path = Info.plist; sourceTree = "<group>"; };
		C26781431E14786200D85E05 /* PortfolioView WatchApp Extension.appex */ = {isa = PBXFileReference; explicitFileType = "wrapper.app-extension"; includeInIndex = 0; path = "PortfolioView WatchApp Extension.appex"; sourceTree = BUILT_PRODUCTS_DIR; };
		C26781491E14786300D85E05 /* PushNotificationPayload.apns */ = {isa = PBXFileReference; lastKnownFileType = text; path = PushNotificationPayload.apns; sourceTree = "<group>"; };
		C267814C1E14786300D85E05 /* ExtensionDelegate.swift */ = {isa = PBXFileReference; lastKnownFileType = sourcecode.swift; path = ExtensionDelegate.swift; sourceTree = "<group>"; };
		C267814E1E14786300D85E05 /* NotificationController.swift */ = {isa = PBXFileReference; lastKnownFileType = sourcecode.swift; path = NotificationController.swift; sourceTree = "<group>"; };
		C26781501E14786300D85E05 /* Assets.xcassets */ = {isa = PBXFileReference; lastKnownFileType = folder.assetcatalog; path = Assets.xcassets; sourceTree = "<group>"; };
		C26781521E14786300D85E05 /* Info.plist */ = {isa = PBXFileReference; lastKnownFileType = text.plist.xml; path = Info.plist; sourceTree = "<group>"; };
		C26781631E147AC000D85E05 /* TelerikUI-Bridging-Header.h */ = {isa = PBXFileReference; lastKnownFileType = sourcecode.c.h; path = "TelerikUI-Bridging-Header.h"; sourceTree = "<group>"; };
		C2C201691E1506420020863D /* PortfolioViewShared.framework */ = {isa = PBXFileReference; explicitFileType = wrapper.framework; includeInIndex = 0; path = PortfolioViewShared.framework; sourceTree = BUILT_PRODUCTS_DIR; };
		C2C2016C1E1506420020863D /* Info.plist */ = {isa = PBXFileReference; lastKnownFileType = text.plist.xml; path = Info.plist; sourceTree = "<group>"; };
		C2C201711E1506420020863D /* PortfolioViewSharedTests.xctest */ = {isa = PBXFileReference; explicitFileType = wrapper.cfbundle; includeInIndex = 0; path = PortfolioViewSharedTests.xctest; sourceTree = BUILT_PRODUCTS_DIR; };
		C2C201781E1506420020863D /* PortfolioViewSharedTests.swift */ = {isa = PBXFileReference; lastKnownFileType = sourcecode.swift; path = PortfolioViewSharedTests.swift; sourceTree = "<group>"; };
		C2C2017A1E1506420020863D /* Info.plist */ = {isa = PBXFileReference; lastKnownFileType = text.plist.xml; path = Info.plist; sourceTree = "<group>"; };
		C2C2019E1E15169F0020863D /* ObjectMapper.framework */ = {isa = PBXFileReference; lastKnownFileType = wrapper.framework; name = ObjectMapper.framework; path = "../../Library/Developer/Xcode/DerivedData/PortfolioView-alwmmnghldhxvnbnqvfweubkzehx/Build/Products/Debug-iphonesimulator/ObjectMapper/ObjectMapper.framework"; sourceTree = "<group>"; };
		C2C201AB1E1518010020863D /* portfolioData_All.json */ = {isa = PBXFileReference; fileEncoding = 4; lastKnownFileType = text.json; path = portfolioData_All.json; sourceTree = "<group>"; };
		C2C201AC1E1518010020863D /* PortfolioData.swift */ = {isa = PBXFileReference; fileEncoding = 4; lastKnownFileType = sourcecode.swift; path = PortfolioData.swift; sourceTree = "<group>"; };
		C2C201B51E1525700020863D /* portfolioData_1M.json */ = {isa = PBXFileReference; fileEncoding = 4; lastKnownFileType = text.json; path = portfolioData_1M.json; sourceTree = "<group>"; };
		C2C201B61E1525700020863D /* portfolioData_1Yr.json */ = {isa = PBXFileReference; fileEncoding = 4; lastKnownFileType = text.json; path = portfolioData_1Yr.json; sourceTree = "<group>"; };
		C2C201B71E1525700020863D /* portfolioData_3M.json */ = {isa = PBXFileReference; fileEncoding = 4; lastKnownFileType = text.json; path = portfolioData_3M.json; sourceTree = "<group>"; };
		C2C201B81E1525700020863D /* portfolioData_3Yr.json */ = {isa = PBXFileReference; fileEncoding = 4; lastKnownFileType = text.json; path = portfolioData_3Yr.json; sourceTree = "<group>"; };
		C2C201B91E1525700020863D /* portfolioData_5Yr.json */ = {isa = PBXFileReference; fileEncoding = 4; lastKnownFileType = text.json; path = portfolioData_5Yr.json; sourceTree = "<group>"; };
		C2C201C21E152D4C0020863D /* DashboardInterfaceController.swift */ = {isa = PBXFileReference; fileEncoding = 4; lastKnownFileType = sourcecode.swift; path = DashboardInterfaceController.swift; sourceTree = "<group>"; };
		C2C201D41E15351E0020863D /* PortfolioViewShared.framework */ = {isa = PBXFileReference; explicitFileType = wrapper.framework; includeInIndex = 0; path = PortfolioViewShared.framework; sourceTree = BUILT_PRODUCTS_DIR; };
		C2C201D71E15351E0020863D /* Info.plist */ = {isa = PBXFileReference; lastKnownFileType = text.plist.xml; path = Info.plist; sourceTree = "<group>"; };
		C2C201EB1E153C410020863D /* Extensions2.swift */ = {isa = PBXFileReference; fileEncoding = 4; lastKnownFileType = sourcecode.swift; path = Extensions2.swift; sourceTree = "<group>"; };
		C2C201F11E157F870020863D /* AllocationInterfaceController.swift */ = {isa = PBXFileReference; fileEncoding = 4; lastKnownFileType = sourcecode.swift; path = AllocationInterfaceController.swift; sourceTree = "<group>"; };
		C2C201F31E1581D00020863D /* Helper.swift */ = {isa = PBXFileReference; fileEncoding = 4; lastKnownFileType = sourcecode.swift; path = Helper.swift; sourceTree = "<group>"; };
		C2C201F71E1595560020863D /* AccountsInterfaceController.swift */ = {isa = PBXFileReference; fileEncoding = 4; lastKnownFileType = sourcecode.swift; path = AccountsInterfaceController.swift; sourceTree = "<group>"; };
		C2C769771E19D6F800B97EB8 /* PasscodeStagingViewController.swift */ = {isa = PBXFileReference; fileEncoding = 4; lastKnownFileType = sourcecode.swift; path = PasscodeStagingViewController.swift; sourceTree = "<group>"; };
		C2C769791E19DBFC00B97EB8 /* LockSplashViewController.swift */ = {isa = PBXFileReference; fileEncoding = 4; lastKnownFileType = sourcecode.swift; path = LockSplashViewController.swift; sourceTree = "<group>"; };
		C2C7697B1E19DC5100B97EB8 /* LockSplashViewController.xib */ = {isa = PBXFileReference; fileEncoding = 4; lastKnownFileType = file.xib; path = LockSplashViewController.xib; sourceTree = "<group>"; };
		C2F71B271E02CDAE00A99298 /* PortfolioView.app */ = {isa = PBXFileReference; explicitFileType = wrapper.application; includeInIndex = 0; path = PortfolioView.app; sourceTree = BUILT_PRODUCTS_DIR; };
		C2F71B2A1E02CDAE00A99298 /* AppDelegate.swift */ = {isa = PBXFileReference; lastKnownFileType = sourcecode.swift; path = AppDelegate.swift; sourceTree = "<group>"; };
		C2F71B311E02CDAF00A99298 /* Base */ = {isa = PBXFileReference; lastKnownFileType = file.storyboard; name = Base; path = Base.lproj/Main.storyboard; sourceTree = "<group>"; };
		C2F71B331E02CDAF00A99298 /* Assets.xcassets */ = {isa = PBXFileReference; lastKnownFileType = folder.assetcatalog; path = Assets.xcassets; sourceTree = "<group>"; };
		C2F71B361E02CDAF00A99298 /* Base */ = {isa = PBXFileReference; lastKnownFileType = file.storyboard; name = Base; path = Base.lproj/LaunchScreen.storyboard; sourceTree = "<group>"; };
		C2F71B381E02CDAF00A99298 /* Info.plist */ = {isa = PBXFileReference; lastKnownFileType = text.plist.xml; path = Info.plist; sourceTree = "<group>"; };
		C2F71B3D1E02CDAF00A99298 /* PortfolioViewTests.xctest */ = {isa = PBXFileReference; explicitFileType = wrapper.cfbundle; includeInIndex = 0; path = PortfolioViewTests.xctest; sourceTree = BUILT_PRODUCTS_DIR; };
		C2F71B411E02CDAF00A99298 /* PortfolioViewTests.swift */ = {isa = PBXFileReference; lastKnownFileType = sourcecode.swift; path = PortfolioViewTests.swift; sourceTree = "<group>"; };
		C2F71B431E02CDAF00A99298 /* Info.plist */ = {isa = PBXFileReference; lastKnownFileType = text.plist.xml; path = Info.plist; sourceTree = "<group>"; };
		C2F71B481E02CDAF00A99298 /* PortfolioViewUITests.xctest */ = {isa = PBXFileReference; explicitFileType = wrapper.cfbundle; includeInIndex = 0; path = PortfolioViewUITests.xctest; sourceTree = BUILT_PRODUCTS_DIR; };
		C2F71B4C1E02CDAF00A99298 /* PortfolioViewUITests.swift */ = {isa = PBXFileReference; lastKnownFileType = sourcecode.swift; path = PortfolioViewUITests.swift; sourceTree = "<group>"; };
		C2F71B4E1E02CDAF00A99298 /* Info.plist */ = {isa = PBXFileReference; lastKnownFileType = text.plist.xml; path = Info.plist; sourceTree = "<group>"; };
		C2F71B5A1E038AEA00A99298 /* DashboardViewController.swift */ = {isa = PBXFileReference; fileEncoding = 4; lastKnownFileType = sourcecode.swift; path = DashboardViewController.swift; sourceTree = "<group>"; };
		CE21248DB64B65AFAB6277A3 /* Pods-PortfolioViewShared.debug.xcconfig */ = {isa = PBXFileReference; includeInIndex = 1; lastKnownFileType = text.xcconfig; name = "Pods-PortfolioViewShared.debug.xcconfig"; path = "Pods/Target Support Files/Pods-PortfolioViewShared/Pods-PortfolioViewShared.debug.xcconfig"; sourceTree = "<group>"; };
		DBAB2F7603BA0CD2A97B6E58 /* Pods_PortfolioViewShared.framework */ = {isa = PBXFileReference; explicitFileType = wrapper.framework; includeInIndex = 0; path = Pods_PortfolioViewShared.framework; sourceTree = BUILT_PRODUCTS_DIR; };
/* End PBXFileReference section */

/* Begin PBXFrameworksBuildPhase section */
		5669B7FA3E6BE0AD5FD13307 /* Frameworks */ = {
			isa = PBXFrameworksBuildPhase;
			buildActionMask = 2147483647;
			files = (
			);
			runOnlyForDeploymentPostprocessing = 0;
		};
		C26781401E14786200D85E05 /* Frameworks */ = {
			isa = PBXFrameworksBuildPhase;
			buildActionMask = 2147483647;
			files = (
				C2C201C41E152DAB0020863D /* Pods_PortfolioView_WatchApp_Extension.framework in Frameworks */,
				C2C201DB1E15351E0020863D /* PortfolioViewShared.framework in Frameworks */,
			);
			runOnlyForDeploymentPostprocessing = 0;
		};
		C2C201651E1506420020863D /* Frameworks */ = {
			isa = PBXFrameworksBuildPhase;
			buildActionMask = 2147483647;
			files = (
				B83301525A8CBB5E3E7A8C13 /* Pods_PortfolioViewShared__iOS_.framework in Frameworks */,
			);
			runOnlyForDeploymentPostprocessing = 0;
		};
		C2C2016E1E1506420020863D /* Frameworks */ = {
			isa = PBXFrameworksBuildPhase;
			buildActionMask = 2147483647;
			files = (
				C2C201721E1506420020863D /* PortfolioViewShared.framework in Frameworks */,
			);
			runOnlyForDeploymentPostprocessing = 0;
		};
		C2C201D01E15351E0020863D /* Frameworks */ = {
			isa = PBXFrameworksBuildPhase;
			buildActionMask = 2147483647;
			files = (
				563279D1F00D177A7F9B34DD /* Pods_PortfolioViewShared__watchOS_.framework in Frameworks */,
			);
			runOnlyForDeploymentPostprocessing = 0;
		};
		C2F71B241E02CDAE00A99298 /* Frameworks */ = {
			isa = PBXFrameworksBuildPhase;
			buildActionMask = 2147483647;
			files = (
				C2C201A01E1516B20020863D /* TelerikUI.framework in Frameworks */,
				12D5750DE9B609560702031B /* Pods_PortfolioView.framework in Frameworks */,
				C2C201A61E15176F0020863D /* PortfolioViewShared.framework in Frameworks */,
			);
			runOnlyForDeploymentPostprocessing = 0;
		};
		C2F71B3A1E02CDAF00A99298 /* Frameworks */ = {
			isa = PBXFrameworksBuildPhase;
			buildActionMask = 2147483647;
			files = (
				ED5A44665489E400EB733ECD /* Pods_PortfolioViewTests.framework in Frameworks */,
			);
			runOnlyForDeploymentPostprocessing = 0;
		};
		C2F71B451E02CDAF00A99298 /* Frameworks */ = {
			isa = PBXFrameworksBuildPhase;
			buildActionMask = 2147483647;
			files = (
				E2738F2007961ACACAB10BE1 /* Pods_PortfolioViewUITests.framework in Frameworks */,
			);
			runOnlyForDeploymentPostprocessing = 0;
		};
/* End PBXFrameworksBuildPhase section */

/* Begin PBXGroup section */
		0A12C63C86F245437CD5F59E /* Frameworks */ = {
			isa = PBXGroup;
			children = (
				C2C2019E1E15169F0020863D /* ObjectMapper.framework */,
				C2335A511E1001DC00760234 /* TelerikUI.framework */,
				A18BE8FF50FDAE8F2CF63FA5 /* Pods_PortfolioView.framework */,
				473AEACE6415AFD757B22352 /* Pods_PortfolioViewTests.framework */,
				811029D797500E3B9F1006F5 /* Pods_PortfolioViewUITests.framework */,
				DBAB2F7603BA0CD2A97B6E58 /* Pods_PortfolioViewShared.framework */,
				B1EF1EE60B7933341F32EB7B /* Pods_PortfolioView_WatchApp_Extension.framework */,
				7F18237E6DA37F757EE089C1 /* Pods_PortfolioViewShared__iOS_.framework */,
				64C7032832768F1FA28E2195 /* Pods_PortfolioViewShared__watchOS_.framework */,
			);
			name = Frameworks;
			sourceTree = "<group>";
		};
		567533CD85E00667D96AEC34 /* Pods */ = {
			isa = PBXGroup;
			children = (
				75E9986017C8F7009D38308C /* Pods-PortfolioView.debug.xcconfig */,
				907C060298334BF28D095050 /* Pods-PortfolioView.release.xcconfig */,
				7788AB0E5B366FA0B8C90319 /* Pods-PortfolioViewTests.debug.xcconfig */,
				5D5F9A526FFEEE84ABA4DD59 /* Pods-PortfolioViewTests.release.xcconfig */,
				066E3B17F2E6FBB1A3EEB9EC /* Pods-PortfolioViewUITests.debug.xcconfig */,
				4AF53D2FF6381B2914EA3EC6 /* Pods-PortfolioViewUITests.release.xcconfig */,
				CE21248DB64B65AFAB6277A3 /* Pods-PortfolioViewShared.debug.xcconfig */,
				22F479F78698F333576F2543 /* Pods-PortfolioViewShared.release.xcconfig */,
				156CDAC2F5C445CA71D1431B /* Pods-PortfolioView WatchApp Extension.debug.xcconfig */,
				63BC0B6F3CB38C4A1754DEEC /* Pods-PortfolioView WatchApp Extension.release.xcconfig */,
				603CF0E26584F95248F1E9C7 /* Pods-PortfolioViewShared (iOS).debug.xcconfig */,
				239FE8B3CDF938C04319EC50 /* Pods-PortfolioViewShared (iOS).release.xcconfig */,
				5C47662E5A01C3B4268E3717 /* Pods-PortfolioViewShared (watchOS).debug.xcconfig */,
				0980BD04C877CD1249E3EFF7 /* Pods-PortfolioViewShared (watchOS).release.xcconfig */,
			);
			name = Pods;
			sourceTree = "<group>";
		};
		C20582921E18172800BE04D7 /* Dashboard */ = {
			isa = PBXGroup;
			children = (
				C219A2391E16DC3F00B10C08 /* MarketItemView.xib */,
				C219A23B1E16DF4F00B10C08 /* MarketItemView.swift */,
				C23A74641E1780CD00113BD6 /* DashboardAccountItemView.swift */,
				C23A74661E1780D700113BD6 /* DashboardAccountItemView.xib */,
				C23A74681E17913900113BD6 /* LegendItemView.swift */,
				C23A746A1E17914900113BD6 /* LegendItemView.xib */,
				C2F71B5A1E038AEA00A99298 /* DashboardViewController.swift */,
			);
			name = Dashboard;
			sourceTree = "<group>";
		};
		C20582931E18175100BE04D7 /* Common */ = {
			isa = PBXGroup;
			children = (
				C2335A5A1E103BDE00760234 /* Transitions.swift */,
				C2335A581E100F4500760234 /* Extensions.swift */,
				C23208341E12E32600E54844 /* FontHelper.swift */,
				C23208361E13094F00E54844 /* PopOverActionsVC.swift */,
				C223547E1E1A862200E9368E /* AlertRenderer.swift */,
				C22354801E1A95A800E9368E /* UserDefaultValues.swift */,
			);
			name = Common;
			sourceTree = "<group>";
		};
		C20582941E18178500BE04D7 /* Login */ = {
			isa = PBXGroup;
			children = (
				C20582971E1817BD00BE04D7 /* LoginViewController.swift */,
				C2C769771E19D6F800B97EB8 /* PasscodeStagingViewController.swift */,
				C2C769791E19DBFC00B97EB8 /* LockSplashViewController.swift */,
				C2C7697B1E19DC5100B97EB8 /* LockSplashViewController.xib */,
			);
			name = Login;
			sourceTree = "<group>";
		};
		C20582991E18197300BE04D7 /* Disclaimer */ = {
			isa = PBXGroup;
			children = (
				C205829A1E18198300BE04D7 /* DisclaimerViewController.swift */,
			);
			name = Disclaimer;
			sourceTree = "<group>";
		};
		C26781381E14786200D85E05 /* PortfolioView WatchApp */ = {
			isa = PBXGroup;
			children = (
				C26781391E14786200D85E05 /* Interface.storyboard */,
				C267813C1E14786200D85E05 /* Assets.xcassets */,
				C267813E1E14786200D85E05 /* Info.plist */,
			);
			path = "PortfolioView WatchApp";
			sourceTree = "<group>";
		};
		C26781471E14786300D85E05 /* PortfolioView WatchApp Extension */ = {
			isa = PBXGroup;
			children = (
				C267814C1E14786300D85E05 /* ExtensionDelegate.swift */,
				C267814E1E14786300D85E05 /* NotificationController.swift */,
				C26781501E14786300D85E05 /* Assets.xcassets */,
				C26781521E14786300D85E05 /* Info.plist */,
				C26781481E14786300D85E05 /* Supporting Files */,
				C2C201C21E152D4C0020863D /* DashboardInterfaceController.swift */,
				C2C201F11E157F870020863D /* AllocationInterfaceController.swift */,
				C2C201F31E1581D00020863D /* Helper.swift */,
				C2C201F71E1595560020863D /* AccountsInterfaceController.swift */,
				C219A2371E16ADE200B10C08 /* MarketInterfaceController.swift */,
			);
			path = "PortfolioView WatchApp Extension";
			sourceTree = "<group>";
		};
		C26781481E14786300D85E05 /* Supporting Files */ = {
			isa = PBXGroup;
			children = (
				C26781491E14786300D85E05 /* PushNotificationPayload.apns */,
			);
			name = "Supporting Files";
			sourceTree = "<group>";
		};
		C2C2016A1E1506420020863D /* PortfolioViewShared */ = {
			isa = PBXGroup;
			children = (
				C2C201E11E15368E0020863D /* Common */,
				C2C201E01E1536790020863D /* PortfolioViewShared (iOS) */,
				C2C201D51E15351E0020863D /* PortfolioViewShared (WatchOS) */,
			);
			path = PortfolioViewShared;
			sourceTree = "<group>";
		};
		C2C201771E1506420020863D /* PortfolioViewSharedTests */ = {
			isa = PBXGroup;
			children = (
				C2C201781E1506420020863D /* PortfolioViewSharedTests.swift */,
				C2C2017A1E1506420020863D /* Info.plist */,
			);
			path = PortfolioViewSharedTests;
			sourceTree = "<group>";
		};
		C2C201D51E15351E0020863D /* PortfolioViewShared (WatchOS) */ = {
			isa = PBXGroup;
			children = (
				C2C201D71E15351E0020863D /* Info.plist */,
			);
			path = "PortfolioViewShared (WatchOS)";
			sourceTree = SOURCE_ROOT;
		};
		C2C201E01E1536790020863D /* PortfolioViewShared (iOS) */ = {
			isa = PBXGroup;
			children = (
				C2C2016C1E1506420020863D /* Info.plist */,
			);
			name = "PortfolioViewShared (iOS)";
			sourceTree = "<group>";
		};
		C2C201E11E15368E0020863D /* Common */ = {
			isa = PBXGroup;
			children = (
				C2C201B51E1525700020863D /* portfolioData_1M.json */,
				C2C201B61E1525700020863D /* portfolioData_1Yr.json */,
				C2C201B71E1525700020863D /* portfolioData_3M.json */,
				C2C201B81E1525700020863D /* portfolioData_3Yr.json */,
				C2C201B91E1525700020863D /* portfolioData_5Yr.json */,
				C2C201AB1E1518010020863D /* portfolioData_All.json */,
				C2C201AC1E1518010020863D /* PortfolioData.swift */,
				C2C201EB1E153C410020863D /* Extensions2.swift */,
				C210178E1E167F8100A7D56A /* Color.swift */,
			);
			name = Common;
			sourceTree = "<group>";
		};
		C2F71B1E1E02CDAE00A99298 = {
			isa = PBXGroup;
			children = (
				C26781631E147AC000D85E05 /* TelerikUI-Bridging-Header.h */,
				C2F71B291E02CDAE00A99298 /* PortfolioView */,
				C2F71B401E02CDAF00A99298 /* PortfolioViewTests */,
				C2F71B4B1E02CDAF00A99298 /* PortfolioViewUITests */,
				C26781381E14786200D85E05 /* PortfolioView WatchApp */,
				C26781471E14786300D85E05 /* PortfolioView WatchApp Extension */,
				C2C2016A1E1506420020863D /* PortfolioViewShared */,
				C2C201771E1506420020863D /* PortfolioViewSharedTests */,
				C2F71B281E02CDAE00A99298 /* Products */,
				567533CD85E00667D96AEC34 /* Pods */,
				0A12C63C86F245437CD5F59E /* Frameworks */,
			);
			sourceTree = "<group>";
		};
		C2F71B281E02CDAE00A99298 /* Products */ = {
			isa = PBXGroup;
			children = (
				C2F71B271E02CDAE00A99298 /* PortfolioView.app */,
				C2F71B3D1E02CDAF00A99298 /* PortfolioViewTests.xctest */,
				C2F71B481E02CDAF00A99298 /* PortfolioViewUITests.xctest */,
				C26781371E14786200D85E05 /* PortfolioView WatchApp.app */,
				C26781431E14786200D85E05 /* PortfolioView WatchApp Extension.appex */,
				C2C201691E1506420020863D /* PortfolioViewShared.framework */,
				C2C201711E1506420020863D /* PortfolioViewSharedTests.xctest */,
				C2C201D41E15351E0020863D /* PortfolioViewShared.framework */,
			);
			name = Products;
			sourceTree = "<group>";
		};
		C2F71B291E02CDAE00A99298 /* PortfolioView */ = {
			isa = PBXGroup;
			children = (
				C20582991E18197300BE04D7 /* Disclaimer */,
				C20582941E18178500BE04D7 /* Login */,
				C20582931E18175100BE04D7 /* Common */,
				C20582921E18172800BE04D7 /* Dashboard */,
				C2F71B2A1E02CDAE00A99298 /* AppDelegate.swift */,
				C2F71B301E02CDAF00A99298 /* Main.storyboard */,
				C2F71B331E02CDAF00A99298 /* Assets.xcassets */,
				C2F71B351E02CDAF00A99298 /* LaunchScreen.storyboard */,
				C2F71B381E02CDAF00A99298 /* Info.plist */,
			);
			path = PortfolioView;
			sourceTree = "<group>";
		};
		C2F71B401E02CDAF00A99298 /* PortfolioViewTests */ = {
			isa = PBXGroup;
			children = (
				C2F71B411E02CDAF00A99298 /* PortfolioViewTests.swift */,
				C2F71B431E02CDAF00A99298 /* Info.plist */,
			);
			path = PortfolioViewTests;
			sourceTree = "<group>";
		};
		C2F71B4B1E02CDAF00A99298 /* PortfolioViewUITests */ = {
			isa = PBXGroup;
			children = (
				C2F71B4C1E02CDAF00A99298 /* PortfolioViewUITests.swift */,
				C2F71B4E1E02CDAF00A99298 /* Info.plist */,
			);
			path = PortfolioViewUITests;
			sourceTree = "<group>";
		};
/* End PBXGroup section */

/* Begin PBXHeadersBuildPhase section */
		C2C201661E1506420020863D /* Headers */ = {
			isa = PBXHeadersBuildPhase;
			buildActionMask = 2147483647;
			files = (
			);
			runOnlyForDeploymentPostprocessing = 0;
		};
		C2C201D11E15351E0020863D /* Headers */ = {
			isa = PBXHeadersBuildPhase;
			buildActionMask = 2147483647;
			files = (
			);
			runOnlyForDeploymentPostprocessing = 0;
		};
/* End PBXHeadersBuildPhase section */

/* Begin PBXNativeTarget section */
		C26781361E14786200D85E05 /* PortfolioView WatchApp */ = {
			isa = PBXNativeTarget;
			buildConfigurationList = C267815A1E14786300D85E05 /* Build configuration list for PBXNativeTarget "PortfolioView WatchApp" */;
			buildPhases = (
				C26781351E14786200D85E05 /* Resources */,
				C26781591E14786300D85E05 /* Embed App Extensions */,
				5669B7FA3E6BE0AD5FD13307 /* Frameworks */,
			);
			buildRules = (
			);
			dependencies = (
				C26781461E14786300D85E05 /* PBXTargetDependency */,
			);
			name = "PortfolioView WatchApp";
			productName = "PortfolioView WatchApp";
			productReference = C26781371E14786200D85E05 /* PortfolioView WatchApp.app */;
			productType = "com.apple.product-type.application.watchapp2";
		};
		C26781421E14786200D85E05 /* PortfolioView WatchApp Extension */ = {
			isa = PBXNativeTarget;
			buildConfigurationList = C26781561E14786300D85E05 /* Build configuration list for PBXNativeTarget "PortfolioView WatchApp Extension" */;
			buildPhases = (
				9E8FB55FCAE5989243326783 /* [CP] Check Pods Manifest.lock */,
				C267813F1E14786200D85E05 /* Sources */,
				C26781401E14786200D85E05 /* Frameworks */,
				C26781411E14786200D85E05 /* Resources */,
				A0E014715813C2BAA43FCBFC /* [CP] Embed Pods Frameworks */,
				C880054EF03AD19890E506B5 /* [CP] Copy Pods Resources */,
				C2C201CA1E152E480020863D /* Embed Frameworks */,
			);
			buildRules = (
			);
			dependencies = (
				C2C201DA1E15351E0020863D /* PBXTargetDependency */,
			);
			name = "PortfolioView WatchApp Extension";
			productName = "PortfolioView WatchApp Extension";
			productReference = C26781431E14786200D85E05 /* PortfolioView WatchApp Extension.appex */;
			productType = "com.apple.product-type.watchkit2-extension";
		};
		C2C201681E1506420020863D /* PortfolioViewShared (iOS) */ = {
			isa = PBXNativeTarget;
			buildConfigurationList = C2C201841E1506420020863D /* Build configuration list for PBXNativeTarget "PortfolioViewShared (iOS)" */;
			buildPhases = (
				5B3E82F7C203DC349D111697 /* [CP] Check Pods Manifest.lock */,
				C2C201641E1506420020863D /* Sources */,
				C2C201651E1506420020863D /* Frameworks */,
				C2C201661E1506420020863D /* Headers */,
				C2C201671E1506420020863D /* Resources */,
				D3409D769FB95DB4DF604470 /* [CP] Copy Pods Resources */,
			);
			buildRules = (
			);
			dependencies = (
			);
			name = "PortfolioViewShared (iOS)";
			productName = PortfolioViewShared;
			productReference = C2C201691E1506420020863D /* PortfolioViewShared.framework */;
			productType = "com.apple.product-type.framework";
		};
		C2C201701E1506420020863D /* PortfolioViewSharedTests */ = {
			isa = PBXNativeTarget;
			buildConfigurationList = C2C201861E1506420020863D /* Build configuration list for PBXNativeTarget "PortfolioViewSharedTests" */;
			buildPhases = (
				C2C2016D1E1506420020863D /* Sources */,
				C2C2016E1E1506420020863D /* Frameworks */,
				C2C2016F1E1506420020863D /* Resources */,
			);
			buildRules = (
			);
			dependencies = (
				C2C201741E1506420020863D /* PBXTargetDependency */,
				C2C201761E1506420020863D /* PBXTargetDependency */,
			);
			name = PortfolioViewSharedTests;
			productName = PortfolioViewSharedTests;
			productReference = C2C201711E1506420020863D /* PortfolioViewSharedTests.xctest */;
			productType = "com.apple.product-type.bundle.unit-test";
		};
		C2C201D31E15351E0020863D /* PortfolioViewShared (watchOS) */ = {
			isa = PBXNativeTarget;
			buildConfigurationList = C2C201DF1E15351E0020863D /* Build configuration list for PBXNativeTarget "PortfolioViewShared (watchOS)" */;
			buildPhases = (
				B179AF0C6C0DC0A684BC981E /* [CP] Check Pods Manifest.lock */,
				C2C201CF1E15351E0020863D /* Sources */,
				C2C201D01E15351E0020863D /* Frameworks */,
				C2C201D11E15351E0020863D /* Headers */,
				C2C201D21E15351E0020863D /* Resources */,
				75774D7D70CF47B903C2BDCA /* [CP] Copy Pods Resources */,
			);
			buildRules = (
			);
			dependencies = (
			);
			name = "PortfolioViewShared (watchOS)";
			productName = "PortfolioViewShared (WatchOS)";
			productReference = C2C201D41E15351E0020863D /* PortfolioViewShared.framework */;
			productType = "com.apple.product-type.framework";
		};
		C2F71B261E02CDAE00A99298 /* PortfolioView */ = {
			isa = PBXNativeTarget;
			buildConfigurationList = C2F71B511E02CDAF00A99298 /* Build configuration list for PBXNativeTarget "PortfolioView" */;
			buildPhases = (
				C3CE913B3A0F2FA12B47C71A /* [CP] Check Pods Manifest.lock */,
				C2F71B231E02CDAE00A99298 /* Sources */,
				C2F71B241E02CDAE00A99298 /* Frameworks */,
				C2F71B251E02CDAE00A99298 /* Resources */,
				CAC91DD27D12244EC5A2A6F3 /* [CP] Embed Pods Frameworks */,
				B0A538CCCE1944ED714429F6 /* [CP] Copy Pods Resources */,
				C267815D1E14786300D85E05 /* Embed Watch Content */,
				C2C201AA1E15176F0020863D /* Embed Frameworks */,
			);
			buildRules = (
			);
			dependencies = (
				C26781541E14786300D85E05 /* PBXTargetDependency */,
				C2C201A91E15176F0020863D /* PBXTargetDependency */,
			);
			name = PortfolioView;
			productName = PortfolioView;
			productReference = C2F71B271E02CDAE00A99298 /* PortfolioView.app */;
			productType = "com.apple.product-type.application";
		};
		C2F71B3C1E02CDAF00A99298 /* PortfolioViewTests */ = {
			isa = PBXNativeTarget;
			buildConfigurationList = C2F71B541E02CDAF00A99298 /* Build configuration list for PBXNativeTarget "PortfolioViewTests" */;
			buildPhases = (
				23F827F502667B00FC9EECDE /* [CP] Check Pods Manifest.lock */,
				C2F71B391E02CDAF00A99298 /* Sources */,
				C2F71B3A1E02CDAF00A99298 /* Frameworks */,
				C2F71B3B1E02CDAF00A99298 /* Resources */,
				606FD8570116ADC4B03EBD7E /* [CP] Embed Pods Frameworks */,
				A971DC1F4463573C32105DDC /* [CP] Copy Pods Resources */,
			);
			buildRules = (
			);
			dependencies = (
				C2F71B3F1E02CDAF00A99298 /* PBXTargetDependency */,
			);
			name = PortfolioViewTests;
			productName = PortfolioViewTests;
			productReference = C2F71B3D1E02CDAF00A99298 /* PortfolioViewTests.xctest */;
			productType = "com.apple.product-type.bundle.unit-test";
		};
		C2F71B471E02CDAF00A99298 /* PortfolioViewUITests */ = {
			isa = PBXNativeTarget;
			buildConfigurationList = C2F71B571E02CDAF00A99298 /* Build configuration list for PBXNativeTarget "PortfolioViewUITests" */;
			buildPhases = (
				06868A0213C980EA05F8B0FF /* [CP] Check Pods Manifest.lock */,
				C2F71B441E02CDAF00A99298 /* Sources */,
				C2F71B451E02CDAF00A99298 /* Frameworks */,
				C2F71B461E02CDAF00A99298 /* Resources */,
				5CBF76297193A99558FFD675 /* [CP] Embed Pods Frameworks */,
				E5F1F6020F027B6EB138D111 /* [CP] Copy Pods Resources */,
			);
			buildRules = (
			);
			dependencies = (
				C2F71B4A1E02CDAF00A99298 /* PBXTargetDependency */,
			);
			name = PortfolioViewUITests;
			productName = PortfolioViewUITests;
			productReference = C2F71B481E02CDAF00A99298 /* PortfolioViewUITests.xctest */;
			productType = "com.apple.product-type.bundle.ui-testing";
		};
/* End PBXNativeTarget section */

/* Begin PBXProject section */
		C2F71B1F1E02CDAE00A99298 /* Project object */ = {
			isa = PBXProject;
			attributes = {
				LastSwiftUpdateCheck = 0820;
				LastUpgradeCheck = 0800;
				ORGANIZATIONNAME = "Abhishek Sharma";
				TargetAttributes = {
					C26781361E14786200D85E05 = {
						CreatedOnToolsVersion = 8.2.1;
						DevelopmentTeam = WEWC6Q3ZN7;
						ProvisioningStyle = Automatic;
					};
					C26781421E14786200D85E05 = {
						CreatedOnToolsVersion = 8.2.1;
						DevelopmentTeam = WEWC6Q3ZN7;
						ProvisioningStyle = Automatic;
					};
					C2C201681E1506420020863D = {
						CreatedOnToolsVersion = 8.2.1;
						DevelopmentTeam = WEWC6Q3ZN7;
						LastSwiftMigration = 0820;
						ProvisioningStyle = Automatic;
					};
					C2C201701E1506420020863D = {
						CreatedOnToolsVersion = 8.2.1;
						DevelopmentTeam = WEWC6Q3ZN7;
						ProvisioningStyle = Automatic;
						TestTargetID = C2F71B261E02CDAE00A99298;
					};
					C2C201D31E15351E0020863D = {
						CreatedOnToolsVersion = 8.2.1;
						DevelopmentTeam = WEWC6Q3ZN7;
						ProvisioningStyle = Automatic;
					};
					C2F71B261E02CDAE00A99298 = {
						CreatedOnToolsVersion = 8.0;
						DevelopmentTeam = WEWC6Q3ZN7;
						ProvisioningStyle = Automatic;
					};
					C2F71B3C1E02CDAF00A99298 = {
						CreatedOnToolsVersion = 8.0;
						ProvisioningStyle = Automatic;
						TestTargetID = C2F71B261E02CDAE00A99298;
					};
					C2F71B471E02CDAF00A99298 = {
						CreatedOnToolsVersion = 8.0;
						ProvisioningStyle = Automatic;
						TestTargetID = C2F71B261E02CDAE00A99298;
					};
				};
			};
			buildConfigurationList = C2F71B221E02CDAE00A99298 /* Build configuration list for PBXProject "PortfolioView" */;
			compatibilityVersion = "Xcode 3.2";
			developmentRegion = English;
			hasScannedForEncodings = 0;
			knownRegions = (
				en,
				Base,
			);
			mainGroup = C2F71B1E1E02CDAE00A99298;
			productRefGroup = C2F71B281E02CDAE00A99298 /* Products */;
			projectDirPath = "";
			projectRoot = "";
			targets = (
				C2F71B261E02CDAE00A99298 /* PortfolioView */,
				C2F71B3C1E02CDAF00A99298 /* PortfolioViewTests */,
				C2F71B471E02CDAF00A99298 /* PortfolioViewUITests */,
				C26781361E14786200D85E05 /* PortfolioView WatchApp */,
				C26781421E14786200D85E05 /* PortfolioView WatchApp Extension */,
				C2C201681E1506420020863D /* PortfolioViewShared (iOS) */,
				C2C201701E1506420020863D /* PortfolioViewSharedTests */,
				C2C201D31E15351E0020863D /* PortfolioViewShared (watchOS) */,
			);
		};
/* End PBXProject section */

/* Begin PBXResourcesBuildPhase section */
		C26781351E14786200D85E05 /* Resources */ = {
			isa = PBXResourcesBuildPhase;
			buildActionMask = 2147483647;
			files = (
				C267813D1E14786200D85E05 /* Assets.xcassets in Resources */,
				C267813B1E14786200D85E05 /* Interface.storyboard in Resources */,
			);
			runOnlyForDeploymentPostprocessing = 0;
		};
		C26781411E14786200D85E05 /* Resources */ = {
			isa = PBXResourcesBuildPhase;
			buildActionMask = 2147483647;
			files = (
				C26781511E14786300D85E05 /* Assets.xcassets in Resources */,
			);
			runOnlyForDeploymentPostprocessing = 0;
		};
		C2C201671E1506420020863D /* Resources */ = {
			isa = PBXResourcesBuildPhase;
			buildActionMask = 2147483647;
			files = (
				C2C201BC1E1525700020863D /* portfolioData_3M.json in Resources */,
				C2C201BE1E1525700020863D /* portfolioData_5Yr.json in Resources */,
				C2C201BD1E1525700020863D /* portfolioData_3Yr.json in Resources */,
				C2C201BA1E1525700020863D /* portfolioData_1M.json in Resources */,
				C2C201AD1E1518010020863D /* portfolioData_All.json in Resources */,
				C2C201BB1E1525700020863D /* portfolioData_1Yr.json in Resources */,
			);
			runOnlyForDeploymentPostprocessing = 0;
		};
		C2C2016F1E1506420020863D /* Resources */ = {
			isa = PBXResourcesBuildPhase;
			buildActionMask = 2147483647;
			files = (
			);
			runOnlyForDeploymentPostprocessing = 0;
		};
		C2C201D21E15351E0020863D /* Resources */ = {
			isa = PBXResourcesBuildPhase;
			buildActionMask = 2147483647;
			files = (
				C2C201EA1E15382F0020863D /* portfolioData_3M.json in Resources */,
				C2C201E31E1536A80020863D /* portfolioData_1Yr.json in Resources */,
			);
			runOnlyForDeploymentPostprocessing = 0;
		};
		C2F71B251E02CDAE00A99298 /* Resources */ = {
			isa = PBXResourcesBuildPhase;
			buildActionMask = 2147483647;
			files = (
				C2F71B371E02CDAF00A99298 /* LaunchScreen.storyboard in Resources */,
				C219A23A1E16DC3F00B10C08 /* MarketItemView.xib in Resources */,
				C23A74671E1780D700113BD6 /* DashboardAccountItemView.xib in Resources */,
				C2F71B341E02CDAF00A99298 /* Assets.xcassets in Resources */,
				C23A746B1E17914900113BD6 /* LegendItemView.xib in Resources */,
				C2F71B321E02CDAF00A99298 /* Main.storyboard in Resources */,
				C2C7697C1E19DC5100B97EB8 /* LockSplashViewController.xib in Resources */,
			);
			runOnlyForDeploymentPostprocessing = 0;
		};
		C2F71B3B1E02CDAF00A99298 /* Resources */ = {
			isa = PBXResourcesBuildPhase;
			buildActionMask = 2147483647;
			files = (
			);
			runOnlyForDeploymentPostprocessing = 0;
		};
		C2F71B461E02CDAF00A99298 /* Resources */ = {
			isa = PBXResourcesBuildPhase;
			buildActionMask = 2147483647;
			files = (
			);
			runOnlyForDeploymentPostprocessing = 0;
		};
/* End PBXResourcesBuildPhase section */

/* Begin PBXShellScriptBuildPhase section */
		06868A0213C980EA05F8B0FF /* [CP] Check Pods Manifest.lock */ = {
			isa = PBXShellScriptBuildPhase;
			buildActionMask = 2147483647;
			files = (
			);
			inputPaths = (
			);
			name = "[CP] Check Pods Manifest.lock";
			outputPaths = (
			);
			runOnlyForDeploymentPostprocessing = 0;
			shellPath = /bin/sh;
			shellScript = "diff \"${PODS_ROOT}/../Podfile.lock\" \"${PODS_ROOT}/Manifest.lock\" > /dev/null\nif [ $? != 0 ] ; then\n    # print error to STDERR\n    echo \"error: The sandbox is not in sync with the Podfile.lock. Run 'pod install' or update your CocoaPods installation.\" >&2\n    exit 1\nfi\n";
			showEnvVarsInLog = 0;
		};
		23F827F502667B00FC9EECDE /* [CP] Check Pods Manifest.lock */ = {
			isa = PBXShellScriptBuildPhase;
			buildActionMask = 2147483647;
			files = (
			);
			inputPaths = (
			);
			name = "[CP] Check Pods Manifest.lock";
			outputPaths = (
			);
			runOnlyForDeploymentPostprocessing = 0;
			shellPath = /bin/sh;
			shellScript = "diff \"${PODS_ROOT}/../Podfile.lock\" \"${PODS_ROOT}/Manifest.lock\" > /dev/null\nif [ $? != 0 ] ; then\n    # print error to STDERR\n    echo \"error: The sandbox is not in sync with the Podfile.lock. Run 'pod install' or update your CocoaPods installation.\" >&2\n    exit 1\nfi\n";
			showEnvVarsInLog = 0;
		};
		5B3E82F7C203DC349D111697 /* [CP] Check Pods Manifest.lock */ = {
			isa = PBXShellScriptBuildPhase;
			buildActionMask = 2147483647;
			files = (
			);
			inputPaths = (
			);
			name = "[CP] Check Pods Manifest.lock";
			outputPaths = (
			);
			runOnlyForDeploymentPostprocessing = 0;
			shellPath = /bin/sh;
			shellScript = "diff \"${PODS_ROOT}/../Podfile.lock\" \"${PODS_ROOT}/Manifest.lock\" > /dev/null\nif [ $? != 0 ] ; then\n    # print error to STDERR\n    echo \"error: The sandbox is not in sync with the Podfile.lock. Run 'pod install' or update your CocoaPods installation.\" >&2\n    exit 1\nfi\n";
			showEnvVarsInLog = 0;
		};
		5CBF76297193A99558FFD675 /* [CP] Embed Pods Frameworks */ = {
			isa = PBXShellScriptBuildPhase;
			buildActionMask = 2147483647;
			files = (
			);
			inputPaths = (
			);
			name = "[CP] Embed Pods Frameworks";
			outputPaths = (
			);
			runOnlyForDeploymentPostprocessing = 0;
			shellPath = /bin/sh;
			shellScript = "\"${SRCROOT}/Pods/Target Support Files/Pods-PortfolioViewUITests/Pods-PortfolioViewUITests-frameworks.sh\"\n";
			showEnvVarsInLog = 0;
		};
		606FD8570116ADC4B03EBD7E /* [CP] Embed Pods Frameworks */ = {
			isa = PBXShellScriptBuildPhase;
			buildActionMask = 2147483647;
			files = (
			);
			inputPaths = (
			);
			name = "[CP] Embed Pods Frameworks";
			outputPaths = (
			);
			runOnlyForDeploymentPostprocessing = 0;
			shellPath = /bin/sh;
			shellScript = "\"${SRCROOT}/Pods/Target Support Files/Pods-PortfolioViewTests/Pods-PortfolioViewTests-frameworks.sh\"\n";
			showEnvVarsInLog = 0;
		};
		75774D7D70CF47B903C2BDCA /* [CP] Copy Pods Resources */ = {
			isa = PBXShellScriptBuildPhase;
			buildActionMask = 2147483647;
			files = (
			);
			inputPaths = (
			);
			name = "[CP] Copy Pods Resources";
			outputPaths = (
			);
			runOnlyForDeploymentPostprocessing = 0;
			shellPath = /bin/sh;
			shellScript = "\"${SRCROOT}/Pods/Target Support Files/Pods-PortfolioViewShared (watchOS)/Pods-PortfolioViewShared (watchOS)-resources.sh\"\n";
			showEnvVarsInLog = 0;
		};
		9E8FB55FCAE5989243326783 /* [CP] Check Pods Manifest.lock */ = {
			isa = PBXShellScriptBuildPhase;
			buildActionMask = 2147483647;
			files = (
			);
			inputPaths = (
			);
			name = "[CP] Check Pods Manifest.lock";
			outputPaths = (
			);
			runOnlyForDeploymentPostprocessing = 0;
			shellPath = /bin/sh;
			shellScript = "diff \"${PODS_ROOT}/../Podfile.lock\" \"${PODS_ROOT}/Manifest.lock\" > /dev/null\nif [ $? != 0 ] ; then\n    # print error to STDERR\n    echo \"error: The sandbox is not in sync with the Podfile.lock. Run 'pod install' or update your CocoaPods installation.\" >&2\n    exit 1\nfi\n";
			showEnvVarsInLog = 0;
		};
		A0E014715813C2BAA43FCBFC /* [CP] Embed Pods Frameworks */ = {
			isa = PBXShellScriptBuildPhase;
			buildActionMask = 2147483647;
			files = (
			);
			inputPaths = (
			);
			name = "[CP] Embed Pods Frameworks";
			outputPaths = (
			);
			runOnlyForDeploymentPostprocessing = 0;
			shellPath = /bin/sh;
			shellScript = "\"${SRCROOT}/Pods/Target Support Files/Pods-PortfolioView WatchApp Extension/Pods-PortfolioView WatchApp Extension-frameworks.sh\"\n";
			showEnvVarsInLog = 0;
		};
		A971DC1F4463573C32105DDC /* [CP] Copy Pods Resources */ = {
			isa = PBXShellScriptBuildPhase;
			buildActionMask = 2147483647;
			files = (
			);
			inputPaths = (
			);
			name = "[CP] Copy Pods Resources";
			outputPaths = (
			);
			runOnlyForDeploymentPostprocessing = 0;
			shellPath = /bin/sh;
			shellScript = "\"${SRCROOT}/Pods/Target Support Files/Pods-PortfolioViewTests/Pods-PortfolioViewTests-resources.sh\"\n";
			showEnvVarsInLog = 0;
		};
		B0A538CCCE1944ED714429F6 /* [CP] Copy Pods Resources */ = {
			isa = PBXShellScriptBuildPhase;
			buildActionMask = 2147483647;
			files = (
			);
			inputPaths = (
			);
			name = "[CP] Copy Pods Resources";
			outputPaths = (
			);
			runOnlyForDeploymentPostprocessing = 0;
			shellPath = /bin/sh;
			shellScript = "\"${SRCROOT}/Pods/Target Support Files/Pods-PortfolioView/Pods-PortfolioView-resources.sh\"\n";
			showEnvVarsInLog = 0;
		};
		B179AF0C6C0DC0A684BC981E /* [CP] Check Pods Manifest.lock */ = {
			isa = PBXShellScriptBuildPhase;
			buildActionMask = 2147483647;
			files = (
			);
			inputPaths = (
			);
			name = "[CP] Check Pods Manifest.lock";
			outputPaths = (
			);
			runOnlyForDeploymentPostprocessing = 0;
			shellPath = /bin/sh;
			shellScript = "diff \"${PODS_ROOT}/../Podfile.lock\" \"${PODS_ROOT}/Manifest.lock\" > /dev/null\nif [ $? != 0 ] ; then\n    # print error to STDERR\n    echo \"error: The sandbox is not in sync with the Podfile.lock. Run 'pod install' or update your CocoaPods installation.\" >&2\n    exit 1\nfi\n";
			showEnvVarsInLog = 0;
		};
		C3CE913B3A0F2FA12B47C71A /* [CP] Check Pods Manifest.lock */ = {
			isa = PBXShellScriptBuildPhase;
			buildActionMask = 2147483647;
			files = (
			);
			inputPaths = (
			);
			name = "[CP] Check Pods Manifest.lock";
			outputPaths = (
			);
			runOnlyForDeploymentPostprocessing = 0;
			shellPath = /bin/sh;
			shellScript = "diff \"${PODS_ROOT}/../Podfile.lock\" \"${PODS_ROOT}/Manifest.lock\" > /dev/null\nif [ $? != 0 ] ; then\n    # print error to STDERR\n    echo \"error: The sandbox is not in sync with the Podfile.lock. Run 'pod install' or update your CocoaPods installation.\" >&2\n    exit 1\nfi\n";
			showEnvVarsInLog = 0;
		};
		C880054EF03AD19890E506B5 /* [CP] Copy Pods Resources */ = {
			isa = PBXShellScriptBuildPhase;
			buildActionMask = 2147483647;
			files = (
			);
			inputPaths = (
			);
			name = "[CP] Copy Pods Resources";
			outputPaths = (
			);
			runOnlyForDeploymentPostprocessing = 0;
			shellPath = /bin/sh;
			shellScript = "\"${SRCROOT}/Pods/Target Support Files/Pods-PortfolioView WatchApp Extension/Pods-PortfolioView WatchApp Extension-resources.sh\"\n";
			showEnvVarsInLog = 0;
		};
		CAC91DD27D12244EC5A2A6F3 /* [CP] Embed Pods Frameworks */ = {
			isa = PBXShellScriptBuildPhase;
			buildActionMask = 2147483647;
			files = (
			);
			inputPaths = (
			);
			name = "[CP] Embed Pods Frameworks";
			outputPaths = (
			);
			runOnlyForDeploymentPostprocessing = 0;
			shellPath = /bin/sh;
			shellScript = "\"${SRCROOT}/Pods/Target Support Files/Pods-PortfolioView/Pods-PortfolioView-frameworks.sh\"\n";
			showEnvVarsInLog = 0;
		};
		D3409D769FB95DB4DF604470 /* [CP] Copy Pods Resources */ = {
			isa = PBXShellScriptBuildPhase;
			buildActionMask = 2147483647;
			files = (
			);
			inputPaths = (
			);
			name = "[CP] Copy Pods Resources";
			outputPaths = (
			);
			runOnlyForDeploymentPostprocessing = 0;
			shellPath = /bin/sh;
			shellScript = "\"${SRCROOT}/Pods/Target Support Files/Pods-PortfolioViewShared (iOS)/Pods-PortfolioViewShared (iOS)-resources.sh\"\n";
			showEnvVarsInLog = 0;
		};
		E5F1F6020F027B6EB138D111 /* [CP] Copy Pods Resources */ = {
			isa = PBXShellScriptBuildPhase;
			buildActionMask = 2147483647;
			files = (
			);
			inputPaths = (
			);
			name = "[CP] Copy Pods Resources";
			outputPaths = (
			);
			runOnlyForDeploymentPostprocessing = 0;
			shellPath = /bin/sh;
			shellScript = "\"${SRCROOT}/Pods/Target Support Files/Pods-PortfolioViewUITests/Pods-PortfolioViewUITests-resources.sh\"\n";
			showEnvVarsInLog = 0;
		};
/* End PBXShellScriptBuildPhase section */

/* Begin PBXSourcesBuildPhase section */
		C267813F1E14786200D85E05 /* Sources */ = {
			isa = PBXSourcesBuildPhase;
			buildActionMask = 2147483647;
			files = (
				C267814F1E14786300D85E05 /* NotificationController.swift in Sources */,
				C2C201F41E1581D00020863D /* Helper.swift in Sources */,
				C219A2381E16ADE200B10C08 /* MarketInterfaceController.swift in Sources */,
				C2C201F21E157F870020863D /* AllocationInterfaceController.swift in Sources */,
				C2C201F81E1595560020863D /* AccountsInterfaceController.swift in Sources */,
				C267814D1E14786300D85E05 /* ExtensionDelegate.swift in Sources */,
				C2C201C31E152D4C0020863D /* DashboardInterfaceController.swift in Sources */,
			);
			runOnlyForDeploymentPostprocessing = 0;
		};
		C2C201641E1506420020863D /* Sources */ = {
			isa = PBXSourcesBuildPhase;
			buildActionMask = 2147483647;
			files = (
				C2C201AE1E1518010020863D /* PortfolioData.swift in Sources */,
				C2C201ED1E153C800020863D /* Extensions2.swift in Sources */,
				C210178F1E167F8100A7D56A /* Color.swift in Sources */,
			);
			runOnlyForDeploymentPostprocessing = 0;
		};
		C2C2016D1E1506420020863D /* Sources */ = {
			isa = PBXSourcesBuildPhase;
			buildActionMask = 2147483647;
			files = (
				C2C201791E1506420020863D /* PortfolioViewSharedTests.swift in Sources */,
			);
			runOnlyForDeploymentPostprocessing = 0;
		};
		C2C201CF1E15351E0020863D /* Sources */ = {
			isa = PBXSourcesBuildPhase;
			buildActionMask = 2147483647;
			files = (
				C2C201E91E1538220020863D /* PortfolioData.swift in Sources */,
				C2C201F01E153DBD0020863D /* Extensions2.swift in Sources */,
				C21017901E167F8100A7D56A /* Color.swift in Sources */,
			);
			runOnlyForDeploymentPostprocessing = 0;
		};
		C2F71B231E02CDAE00A99298 /* Sources */ = {
			isa = PBXSourcesBuildPhase;
			buildActionMask = 2147483647;
			files = (
				C23208351E12E32600E54844 /* FontHelper.swift in Sources */,
				C2C769781E19D6F800B97EB8 /* PasscodeStagingViewController.swift in Sources */,
				C2F71B2B1E02CDAE00A99298 /* AppDelegate.swift in Sources */,
				C23208371E13094F00E54844 /* PopOverActionsVC.swift in Sources */,
				C2335A591E100F4500760234 /* Extensions.swift in Sources */,
				C23A74691E17913900113BD6 /* LegendItemView.swift in Sources */,
				C205829B1E18198300BE04D7 /* DisclaimerViewController.swift in Sources */,
				C2335A5B1E103BDE00760234 /* Transitions.swift in Sources */,
				C2C7697A1E19DBFC00B97EB8 /* LockSplashViewController.swift in Sources */,
				C22354811E1A95A800E9368E /* UserDefaultValues.swift in Sources */,
				C219A23C1E16DF4F00B10C08 /* MarketItemView.swift in Sources */,
				C2F71B5B1E038AEA00A99298 /* DashboardViewController.swift in Sources */,
				C23A74651E1780CD00113BD6 /* DashboardAccountItemView.swift in Sources */,
				C2C201EC1E153C410020863D /* Extensions2.swift in Sources */,
				C223547F1E1A862200E9368E /* AlertRenderer.swift in Sources */,
				C20582981E1817BD00BE04D7 /* LoginViewController.swift in Sources */,
			);
			runOnlyForDeploymentPostprocessing = 0;
		};
		C2F71B391E02CDAF00A99298 /* Sources */ = {
			isa = PBXSourcesBuildPhase;
			buildActionMask = 2147483647;
			files = (
				C2F71B421E02CDAF00A99298 /* PortfolioViewTests.swift in Sources */,
			);
			runOnlyForDeploymentPostprocessing = 0;
		};
		C2F71B441E02CDAF00A99298 /* Sources */ = {
			isa = PBXSourcesBuildPhase;
			buildActionMask = 2147483647;
			files = (
				C2F71B4D1E02CDAF00A99298 /* PortfolioViewUITests.swift in Sources */,
			);
			runOnlyForDeploymentPostprocessing = 0;
		};
/* End PBXSourcesBuildPhase section */

/* Begin PBXTargetDependency section */
		C26781461E14786300D85E05 /* PBXTargetDependency */ = {
			isa = PBXTargetDependency;
			target = C26781421E14786200D85E05 /* PortfolioView WatchApp Extension */;
			targetProxy = C26781451E14786300D85E05 /* PBXContainerItemProxy */;
		};
		C26781541E14786300D85E05 /* PBXTargetDependency */ = {
			isa = PBXTargetDependency;
			target = C26781361E14786200D85E05 /* PortfolioView WatchApp */;
			targetProxy = C26781531E14786300D85E05 /* PBXContainerItemProxy */;
		};
		C2C201741E1506420020863D /* PBXTargetDependency */ = {
			isa = PBXTargetDependency;
			target = C2C201681E1506420020863D /* PortfolioViewShared (iOS) */;
			targetProxy = C2C201731E1506420020863D /* PBXContainerItemProxy */;
		};
		C2C201761E1506420020863D /* PBXTargetDependency */ = {
			isa = PBXTargetDependency;
			target = C2F71B261E02CDAE00A99298 /* PortfolioView */;
			targetProxy = C2C201751E1506420020863D /* PBXContainerItemProxy */;
		};
		C2C201A91E15176F0020863D /* PBXTargetDependency */ = {
			isa = PBXTargetDependency;
			target = C2C201681E1506420020863D /* PortfolioViewShared (iOS) */;
			targetProxy = C2C201A81E15176F0020863D /* PBXContainerItemProxy */;
		};
		C2C201DA1E15351E0020863D /* PBXTargetDependency */ = {
			isa = PBXTargetDependency;
			target = C2C201D31E15351E0020863D /* PortfolioViewShared (watchOS) */;
			targetProxy = C2C201D91E15351E0020863D /* PBXContainerItemProxy */;
		};
		C2F71B3F1E02CDAF00A99298 /* PBXTargetDependency */ = {
			isa = PBXTargetDependency;
			target = C2F71B261E02CDAE00A99298 /* PortfolioView */;
			targetProxy = C2F71B3E1E02CDAF00A99298 /* PBXContainerItemProxy */;
		};
		C2F71B4A1E02CDAF00A99298 /* PBXTargetDependency */ = {
			isa = PBXTargetDependency;
			target = C2F71B261E02CDAE00A99298 /* PortfolioView */;
			targetProxy = C2F71B491E02CDAF00A99298 /* PBXContainerItemProxy */;
		};
/* End PBXTargetDependency section */

/* Begin PBXVariantGroup section */
		C26781391E14786200D85E05 /* Interface.storyboard */ = {
			isa = PBXVariantGroup;
			children = (
				C267813A1E14786200D85E05 /* Base */,
			);
			name = Interface.storyboard;
			sourceTree = "<group>";
		};
		C2F71B301E02CDAF00A99298 /* Main.storyboard */ = {
			isa = PBXVariantGroup;
			children = (
				C2F71B311E02CDAF00A99298 /* Base */,
			);
			name = Main.storyboard;
			sourceTree = "<group>";
		};
		C2F71B351E02CDAF00A99298 /* LaunchScreen.storyboard */ = {
			isa = PBXVariantGroup;
			children = (
				C2F71B361E02CDAF00A99298 /* Base */,
			);
			name = LaunchScreen.storyboard;
			sourceTree = "<group>";
		};
/* End PBXVariantGroup section */

/* Begin XCBuildConfiguration section */
		C26781571E14786300D85E05 /* Debug */ = {
			isa = XCBuildConfiguration;
			baseConfigurationReference = 156CDAC2F5C445CA71D1431B /* Pods-PortfolioView WatchApp Extension.debug.xcconfig */;
			buildSettings = {
				ASSETCATALOG_COMPILER_COMPLICATION_NAME = Complication;
				CODE_SIGN_IDENTITY = "iPhone Developer";
				DEVELOPMENT_TEAM = WEWC6Q3ZN7;
				FRAMEWORK_SEARCH_PATHS = (
					"$(inherited)",
					"$(PROJECT_DIR)",
				);
				INFOPLIST_FILE = "PortfolioView WatchApp Extension/Info.plist";
				LD_RUNPATH_SEARCH_PATHS = "$(inherited) @executable_path/Frameworks @executable_path/../../Frameworks";
				PRODUCT_BUNDLE_IDENTIFIER = lpl.PortfolioView.watchkitapp.watchkitextension;
				PRODUCT_NAME = "${TARGET_NAME}";
				SDKROOT = watchos;
				SKIP_INSTALL = YES;
				SWIFT_OBJC_BRIDGING_HEADER = "";
				SWIFT_VERSION = 3.0;
				TARGETED_DEVICE_FAMILY = 4;
				WATCHOS_DEPLOYMENT_TARGET = 3.1;
			};
			name = Debug;
		};
		C26781581E14786300D85E05 /* Release */ = {
			isa = XCBuildConfiguration;
			baseConfigurationReference = 63BC0B6F3CB38C4A1754DEEC /* Pods-PortfolioView WatchApp Extension.release.xcconfig */;
			buildSettings = {
				ASSETCATALOG_COMPILER_COMPLICATION_NAME = Complication;
				CODE_SIGN_IDENTITY = "iPhone Developer";
				DEVELOPMENT_TEAM = WEWC6Q3ZN7;
				FRAMEWORK_SEARCH_PATHS = (
					"$(inherited)",
					"$(PROJECT_DIR)",
				);
				INFOPLIST_FILE = "PortfolioView WatchApp Extension/Info.plist";
				LD_RUNPATH_SEARCH_PATHS = "$(inherited) @executable_path/Frameworks @executable_path/../../Frameworks";
				PRODUCT_BUNDLE_IDENTIFIER = lpl.PortfolioView.watchkitapp.watchkitextension;
				PRODUCT_NAME = "${TARGET_NAME}";
				SDKROOT = watchos;
				SKIP_INSTALL = YES;
				SWIFT_OBJC_BRIDGING_HEADER = "";
				SWIFT_VERSION = 3.0;
				TARGETED_DEVICE_FAMILY = 4;
				WATCHOS_DEPLOYMENT_TARGET = 3.1;
			};
			name = Release;
		};
		C267815B1E14786300D85E05 /* Debug */ = {
			isa = XCBuildConfiguration;
			buildSettings = {
				ALWAYS_EMBED_SWIFT_STANDARD_LIBRARIES = YES;
				ASSETCATALOG_COMPILER_APPICON_NAME = AppIcon;
				DEVELOPMENT_TEAM = WEWC6Q3ZN7;
				IBSC_MODULE = PortfolioView_WatchApp_Extension;
				INFOPLIST_FILE = "PortfolioView WatchApp/Info.plist";
				PRODUCT_BUNDLE_IDENTIFIER = lpl.PortfolioView.watchkitapp;
				PRODUCT_NAME = "$(TARGET_NAME)";
				SDKROOT = watchos;
				SKIP_INSTALL = YES;
				SWIFT_OBJC_BRIDGING_HEADER = "";
				SWIFT_VERSION = 3.0;
				TARGETED_DEVICE_FAMILY = 4;
				WATCHOS_DEPLOYMENT_TARGET = 3.1;
			};
			name = Debug;
		};
		C267815C1E14786300D85E05 /* Release */ = {
			isa = XCBuildConfiguration;
			buildSettings = {
				ALWAYS_EMBED_SWIFT_STANDARD_LIBRARIES = YES;
				ASSETCATALOG_COMPILER_APPICON_NAME = AppIcon;
				DEVELOPMENT_TEAM = WEWC6Q3ZN7;
				IBSC_MODULE = PortfolioView_WatchApp_Extension;
				INFOPLIST_FILE = "PortfolioView WatchApp/Info.plist";
				PRODUCT_BUNDLE_IDENTIFIER = lpl.PortfolioView.watchkitapp;
				PRODUCT_NAME = "$(TARGET_NAME)";
				SDKROOT = watchos;
				SKIP_INSTALL = YES;
				SWIFT_OBJC_BRIDGING_HEADER = "";
				SWIFT_VERSION = 3.0;
				TARGETED_DEVICE_FAMILY = 4;
				WATCHOS_DEPLOYMENT_TARGET = 3.1;
			};
			name = Release;
		};
		C2C201801E1506420020863D /* Debug */ = {
			isa = XCBuildConfiguration;
			baseConfigurationReference = 603CF0E26584F95248F1E9C7 /* Pods-PortfolioViewShared (iOS).debug.xcconfig */;
			buildSettings = {
				CLANG_ENABLE_MODULES = YES;
				CODE_SIGN_IDENTITY = "iPhone Developer";
				CURRENT_PROJECT_VERSION = 1;
				DEFINES_MODULE = YES;
				DEVELOPMENT_TEAM = WEWC6Q3ZN7;
				DYLIB_COMPATIBILITY_VERSION = 1;
				DYLIB_CURRENT_VERSION = 1;
				DYLIB_INSTALL_NAME_BASE = "@rpath";
				INFOPLIST_FILE = PortfolioViewShared/Info.plist;
				INSTALL_PATH = "$(LOCAL_LIBRARY_DIR)/Frameworks";
				IPHONEOS_DEPLOYMENT_TARGET = 10.0;
				LD_RUNPATH_SEARCH_PATHS = "$(inherited) @executable_path/Frameworks @loader_path/Frameworks";
				PRODUCT_BUNDLE_IDENTIFIER = lpl.iOS.PortfolioViewShared;
				PRODUCT_NAME = PortfolioViewShared;
				SKIP_INSTALL = YES;
				SWIFT_OBJC_BRIDGING_HEADER = "";
				SWIFT_OPTIMIZATION_LEVEL = "-Onone";
				SWIFT_VERSION = 3.0;
				TARGETED_DEVICE_FAMILY = "1,2";
				VERSIONING_SYSTEM = "apple-generic";
				VERSION_INFO_PREFIX = "";
			};
			name = Debug;
		};
		C2C201811E1506420020863D /* Release */ = {
			isa = XCBuildConfiguration;
			baseConfigurationReference = 239FE8B3CDF938C04319EC50 /* Pods-PortfolioViewShared (iOS).release.xcconfig */;
			buildSettings = {
				CLANG_ENABLE_MODULES = YES;
				CODE_SIGN_IDENTITY = "iPhone Developer";
				CURRENT_PROJECT_VERSION = 1;
				DEFINES_MODULE = YES;
				DEVELOPMENT_TEAM = WEWC6Q3ZN7;
				DYLIB_COMPATIBILITY_VERSION = 1;
				DYLIB_CURRENT_VERSION = 1;
				DYLIB_INSTALL_NAME_BASE = "@rpath";
				INFOPLIST_FILE = PortfolioViewShared/Info.plist;
				INSTALL_PATH = "$(LOCAL_LIBRARY_DIR)/Frameworks";
				IPHONEOS_DEPLOYMENT_TARGET = 10.0;
				LD_RUNPATH_SEARCH_PATHS = "$(inherited) @executable_path/Frameworks @loader_path/Frameworks";
				PRODUCT_BUNDLE_IDENTIFIER = lpl.iOS.PortfolioViewShared;
				PRODUCT_NAME = PortfolioViewShared;
				SKIP_INSTALL = YES;
				SWIFT_OBJC_BRIDGING_HEADER = "";
				SWIFT_VERSION = 3.0;
				TARGETED_DEVICE_FAMILY = "1,2";
				VERSIONING_SYSTEM = "apple-generic";
				VERSION_INFO_PREFIX = "";
			};
			name = Release;
		};
		C2C201821E1506420020863D /* Debug */ = {
			isa = XCBuildConfiguration;
			buildSettings = {
				ALWAYS_EMBED_SWIFT_STANDARD_LIBRARIES = YES;
				DEVELOPMENT_TEAM = WEWC6Q3ZN7;
				INFOPLIST_FILE = PortfolioViewSharedTests/Info.plist;
				IPHONEOS_DEPLOYMENT_TARGET = 10.2;
				LD_RUNPATH_SEARCH_PATHS = "$(inherited) @executable_path/Frameworks @loader_path/Frameworks";
				PRODUCT_BUNDLE_IDENTIFIER = lpl.PortfolioViewSharedTests;
				PRODUCT_NAME = "$(TARGET_NAME)";
				SWIFT_VERSION = 3.0;
				TEST_HOST = "$(BUILT_PRODUCTS_DIR)/PortfolioView.app/PortfolioView";
			};
			name = Debug;
		};
		C2C201831E1506420020863D /* Release */ = {
			isa = XCBuildConfiguration;
			buildSettings = {
				ALWAYS_EMBED_SWIFT_STANDARD_LIBRARIES = YES;
				DEVELOPMENT_TEAM = WEWC6Q3ZN7;
				INFOPLIST_FILE = PortfolioViewSharedTests/Info.plist;
				IPHONEOS_DEPLOYMENT_TARGET = 10.2;
				LD_RUNPATH_SEARCH_PATHS = "$(inherited) @executable_path/Frameworks @loader_path/Frameworks";
				PRODUCT_BUNDLE_IDENTIFIER = lpl.PortfolioViewSharedTests;
				PRODUCT_NAME = "$(TARGET_NAME)";
				SWIFT_VERSION = 3.0;
				TEST_HOST = "$(BUILT_PRODUCTS_DIR)/PortfolioView.app/PortfolioView";
			};
			name = Release;
		};
		C2C201DD1E15351E0020863D /* Debug */ = {
			isa = XCBuildConfiguration;
			baseConfigurationReference = 5C47662E5A01C3B4268E3717 /* Pods-PortfolioViewShared (watchOS).debug.xcconfig */;
			buildSettings = {
				APPLICATION_EXTENSION_API_ONLY = YES;
				CODE_SIGN_IDENTITY = "iPhone Developer";
				CURRENT_PROJECT_VERSION = 1;
				DEFINES_MODULE = YES;
				DEVELOPMENT_TEAM = WEWC6Q3ZN7;
				DYLIB_COMPATIBILITY_VERSION = 1;
				DYLIB_CURRENT_VERSION = 1;
				DYLIB_INSTALL_NAME_BASE = "@rpath";
				INFOPLIST_FILE = "PortfolioViewShared (WatchOS)/Info.plist";
				INSTALL_PATH = "$(LOCAL_LIBRARY_DIR)/Frameworks";
				LD_RUNPATH_SEARCH_PATHS = "$(inherited) @executable_path/Frameworks @loader_path/Frameworks";
				PRODUCT_BUNDLE_IDENTIFIER = lpl.watchOS.PortfolioViewShared;
				PRODUCT_NAME = PortfolioViewShared;
				SDKROOT = watchos;
				SKIP_INSTALL = YES;
				SWIFT_OBJC_BRIDGING_HEADER = "";
				SWIFT_VERSION = 3.0;
				TARGETED_DEVICE_FAMILY = 4;
				VERSIONING_SYSTEM = "apple-generic";
				VERSION_INFO_PREFIX = "";
				WATCHOS_DEPLOYMENT_TARGET = 3.1;
			};
			name = Debug;
		};
		C2C201DE1E15351E0020863D /* Release */ = {
			isa = XCBuildConfiguration;
			baseConfigurationReference = 0980BD04C877CD1249E3EFF7 /* Pods-PortfolioViewShared (watchOS).release.xcconfig */;
			buildSettings = {
				APPLICATION_EXTENSION_API_ONLY = YES;
				CODE_SIGN_IDENTITY = "iPhone Developer";
				CURRENT_PROJECT_VERSION = 1;
				DEFINES_MODULE = YES;
				DEVELOPMENT_TEAM = WEWC6Q3ZN7;
				DYLIB_COMPATIBILITY_VERSION = 1;
				DYLIB_CURRENT_VERSION = 1;
				DYLIB_INSTALL_NAME_BASE = "@rpath";
				INFOPLIST_FILE = "PortfolioViewShared (WatchOS)/Info.plist";
				INSTALL_PATH = "$(LOCAL_LIBRARY_DIR)/Frameworks";
				LD_RUNPATH_SEARCH_PATHS = "$(inherited) @executable_path/Frameworks @loader_path/Frameworks";
				PRODUCT_BUNDLE_IDENTIFIER = lpl.watchOS.PortfolioViewShared;
				PRODUCT_NAME = PortfolioViewShared;
				SDKROOT = watchos;
				SKIP_INSTALL = YES;
				SWIFT_OBJC_BRIDGING_HEADER = "";
				SWIFT_VERSION = 3.0;
				TARGETED_DEVICE_FAMILY = 4;
				VERSIONING_SYSTEM = "apple-generic";
				VERSION_INFO_PREFIX = "";
				WATCHOS_DEPLOYMENT_TARGET = 3.1;
			};
			name = Release;
		};
		C2F71B4F1E02CDAF00A99298 /* Debug */ = {
			isa = XCBuildConfiguration;
			buildSettings = {
				ALWAYS_EMBED_SWIFT_STANDARD_LIBRARIES = NO;
				ALWAYS_SEARCH_USER_PATHS = NO;
				CLANG_ANALYZER_NONNULL = YES;
				CLANG_CXX_LANGUAGE_STANDARD = "gnu++0x";
				CLANG_CXX_LIBRARY = "libc++";
				CLANG_ENABLE_MODULES = YES;
				CLANG_ENABLE_OBJC_ARC = YES;
				CLANG_WARN_BOOL_CONVERSION = YES;
				CLANG_WARN_CONSTANT_CONVERSION = YES;
				CLANG_WARN_DIRECT_OBJC_ISA_USAGE = YES_ERROR;
				CLANG_WARN_DOCUMENTATION_COMMENTS = YES;
				CLANG_WARN_EMPTY_BODY = YES;
				CLANG_WARN_ENUM_CONVERSION = YES;
				CLANG_WARN_INFINITE_RECURSION = YES;
				CLANG_WARN_INT_CONVERSION = YES;
				CLANG_WARN_OBJC_ROOT_CLASS = YES_ERROR;
				CLANG_WARN_SUSPICIOUS_MOVE = YES;
				CLANG_WARN_SUSPICIOUS_MOVES = YES;
				CLANG_WARN_UNREACHABLE_CODE = YES;
				CLANG_WARN__DUPLICATE_METHOD_MATCH = YES;
				"CODE_SIGN_IDENTITY[sdk=iphoneos*]" = "iPhone Developer";
				COPY_PHASE_STRIP = NO;
				DEBUG_INFORMATION_FORMAT = dwarf;
				ENABLE_STRICT_OBJC_MSGSEND = YES;
				ENABLE_TESTABILITY = YES;
				GCC_C_LANGUAGE_STANDARD = gnu99;
				GCC_DYNAMIC_NO_PIC = NO;
				GCC_NO_COMMON_BLOCKS = YES;
				GCC_OPTIMIZATION_LEVEL = 0;
				GCC_PREPROCESSOR_DEFINITIONS = (
					"DEBUG=1",
					"$(inherited)",
				);
				GCC_WARN_64_TO_32_BIT_CONVERSION = YES;
				GCC_WARN_ABOUT_RETURN_TYPE = YES_ERROR;
				GCC_WARN_UNDECLARED_SELECTOR = YES;
				GCC_WARN_UNINITIALIZED_AUTOS = YES_AGGRESSIVE;
				GCC_WARN_UNUSED_FUNCTION = YES;
				GCC_WARN_UNUSED_VARIABLE = YES;
				IPHONEOS_DEPLOYMENT_TARGET = 10.0;
				MTL_ENABLE_DEBUG_INFO = YES;
				ONLY_ACTIVE_ARCH = YES;
				SDKROOT = iphoneos;
				SWIFT_ACTIVE_COMPILATION_CONDITIONS = DEBUG;
				SWIFT_OBJC_BRIDGING_HEADER = "./PortfolioView/TelerikUI-Bridging-Header.h";
				SWIFT_OPTIMIZATION_LEVEL = "-Onone";
			};
			name = Debug;
		};
		C2F71B501E02CDAF00A99298 /* Release */ = {
			isa = XCBuildConfiguration;
			buildSettings = {
				ALWAYS_EMBED_SWIFT_STANDARD_LIBRARIES = NO;
				ALWAYS_SEARCH_USER_PATHS = NO;
				CLANG_ANALYZER_NONNULL = YES;
				CLANG_CXX_LANGUAGE_STANDARD = "gnu++0x";
				CLANG_CXX_LIBRARY = "libc++";
				CLANG_ENABLE_MODULES = YES;
				CLANG_ENABLE_OBJC_ARC = YES;
				CLANG_WARN_BOOL_CONVERSION = YES;
				CLANG_WARN_CONSTANT_CONVERSION = YES;
				CLANG_WARN_DIRECT_OBJC_ISA_USAGE = YES_ERROR;
				CLANG_WARN_DOCUMENTATION_COMMENTS = YES;
				CLANG_WARN_EMPTY_BODY = YES;
				CLANG_WARN_ENUM_CONVERSION = YES;
				CLANG_WARN_INFINITE_RECURSION = YES;
				CLANG_WARN_INT_CONVERSION = YES;
				CLANG_WARN_OBJC_ROOT_CLASS = YES_ERROR;
				CLANG_WARN_SUSPICIOUS_MOVE = YES;
				CLANG_WARN_SUSPICIOUS_MOVES = YES;
				CLANG_WARN_UNREACHABLE_CODE = YES;
				CLANG_WARN__DUPLICATE_METHOD_MATCH = YES;
				"CODE_SIGN_IDENTITY[sdk=iphoneos*]" = "iPhone Developer";
				COPY_PHASE_STRIP = NO;
				DEBUG_INFORMATION_FORMAT = "dwarf-with-dsym";
				ENABLE_NS_ASSERTIONS = NO;
				ENABLE_STRICT_OBJC_MSGSEND = YES;
				GCC_C_LANGUAGE_STANDARD = gnu99;
				GCC_NO_COMMON_BLOCKS = YES;
				GCC_WARN_64_TO_32_BIT_CONVERSION = YES;
				GCC_WARN_ABOUT_RETURN_TYPE = YES_ERROR;
				GCC_WARN_UNDECLARED_SELECTOR = YES;
				GCC_WARN_UNINITIALIZED_AUTOS = YES_AGGRESSIVE;
				GCC_WARN_UNUSED_FUNCTION = YES;
				GCC_WARN_UNUSED_VARIABLE = YES;
				IPHONEOS_DEPLOYMENT_TARGET = 10.0;
				MTL_ENABLE_DEBUG_INFO = NO;
				SDKROOT = iphoneos;
				SWIFT_OBJC_BRIDGING_HEADER = "./PortfolioView/TelerikUI-Bridging-Header.h";
				SWIFT_OPTIMIZATION_LEVEL = "-Owholemodule";
				VALIDATE_PRODUCT = YES;
			};
			name = Release;
		};
		C2F71B521E02CDAF00A99298 /* Debug */ = {
			isa = XCBuildConfiguration;
			baseConfigurationReference = 75E9986017C8F7009D38308C /* Pods-PortfolioView.debug.xcconfig */;
			buildSettings = {
				ALWAYS_EMBED_SWIFT_STANDARD_LIBRARIES = YES;
				ASSETCATALOG_COMPILER_APPICON_NAME = AppIcon;
				CODE_SIGN_IDENTITY = "iPhone Developer";
				DEVELOPMENT_TEAM = WEWC6Q3ZN7;
				ENABLE_BITCODE = NO;
				FRAMEWORK_SEARCH_PATHS = (
					"$(inherited)",
					"$(PROJECT_DIR)",
				);
				INFOPLIST_FILE = PortfolioView/Info.plist;
				LD_RUNPATH_SEARCH_PATHS = "$(inherited) @executable_path/Frameworks";
				PRODUCT_BUNDLE_IDENTIFIER = lpl.PortfolioView;
				PRODUCT_NAME = "$(TARGET_NAME)";
				SWIFT_OBJC_BRIDGING_HEADER = "./TelerikUI-Bridging-Header.h";
				SWIFT_VERSION = 3.0;
			};
			name = Debug;
		};
		C2F71B531E02CDAF00A99298 /* Release */ = {
			isa = XCBuildConfiguration;
			baseConfigurationReference = 907C060298334BF28D095050 /* Pods-PortfolioView.release.xcconfig */;
			buildSettings = {
				ALWAYS_EMBED_SWIFT_STANDARD_LIBRARIES = YES;
				ASSETCATALOG_COMPILER_APPICON_NAME = AppIcon;
				CODE_SIGN_IDENTITY = "iPhone Developer";
				DEVELOPMENT_TEAM = WEWC6Q3ZN7;
				ENABLE_BITCODE = NO;
				FRAMEWORK_SEARCH_PATHS = (
					"$(inherited)",
					"$(PROJECT_DIR)",
				);
				INFOPLIST_FILE = PortfolioView/Info.plist;
				LD_RUNPATH_SEARCH_PATHS = "$(inherited) @executable_path/Frameworks";
				PRODUCT_BUNDLE_IDENTIFIER = lpl.PortfolioView;
				PRODUCT_NAME = "$(TARGET_NAME)";
				SWIFT_OBJC_BRIDGING_HEADER = "./TelerikUI-Bridging-Header.h";
				SWIFT_VERSION = 3.0;
			};
			name = Release;
		};
		C2F71B551E02CDAF00A99298 /* Debug */ = {
			isa = XCBuildConfiguration;
			baseConfigurationReference = 7788AB0E5B366FA0B8C90319 /* Pods-PortfolioViewTests.debug.xcconfig */;
			buildSettings = {
				ALWAYS_EMBED_SWIFT_STANDARD_LIBRARIES = YES;
				BUNDLE_LOADER = "$(TEST_HOST)";
				INFOPLIST_FILE = PortfolioViewTests/Info.plist;
				LD_RUNPATH_SEARCH_PATHS = "$(inherited) @executable_path/Frameworks @loader_path/Frameworks";
				PRODUCT_BUNDLE_IDENTIFIER = algolic.PortfolioViewTests;
				PRODUCT_NAME = "$(TARGET_NAME)";
				SWIFT_VERSION = 3.0;
				TEST_HOST = "$(BUILT_PRODUCTS_DIR)/PortfolioView.app/PortfolioView";
			};
			name = Debug;
		};
		C2F71B561E02CDAF00A99298 /* Release */ = {
			isa = XCBuildConfiguration;
			baseConfigurationReference = 5D5F9A526FFEEE84ABA4DD59 /* Pods-PortfolioViewTests.release.xcconfig */;
			buildSettings = {
				ALWAYS_EMBED_SWIFT_STANDARD_LIBRARIES = YES;
				BUNDLE_LOADER = "$(TEST_HOST)";
				INFOPLIST_FILE = PortfolioViewTests/Info.plist;
				LD_RUNPATH_SEARCH_PATHS = "$(inherited) @executable_path/Frameworks @loader_path/Frameworks";
				PRODUCT_BUNDLE_IDENTIFIER = algolic.PortfolioViewTests;
				PRODUCT_NAME = "$(TARGET_NAME)";
				SWIFT_VERSION = 3.0;
				TEST_HOST = "$(BUILT_PRODUCTS_DIR)/PortfolioView.app/PortfolioView";
			};
			name = Release;
		};
		C2F71B581E02CDAF00A99298 /* Debug */ = {
			isa = XCBuildConfiguration;
			baseConfigurationReference = 066E3B17F2E6FBB1A3EEB9EC /* Pods-PortfolioViewUITests.debug.xcconfig */;
			buildSettings = {
				ALWAYS_EMBED_SWIFT_STANDARD_LIBRARIES = YES;
				INFOPLIST_FILE = PortfolioViewUITests/Info.plist;
				LD_RUNPATH_SEARCH_PATHS = "$(inherited) @executable_path/Frameworks @loader_path/Frameworks";
				PRODUCT_BUNDLE_IDENTIFIER = algolic.PortfolioViewUITests;
				PRODUCT_NAME = "$(TARGET_NAME)";
				SWIFT_VERSION = 3.0;
				TEST_TARGET_NAME = PortfolioView;
			};
			name = Debug;
		};
		C2F71B591E02CDAF00A99298 /* Release */ = {
			isa = XCBuildConfiguration;
			baseConfigurationReference = 4AF53D2FF6381B2914EA3EC6 /* Pods-PortfolioViewUITests.release.xcconfig */;
			buildSettings = {
				ALWAYS_EMBED_SWIFT_STANDARD_LIBRARIES = YES;
				INFOPLIST_FILE = PortfolioViewUITests/Info.plist;
				LD_RUNPATH_SEARCH_PATHS = "$(inherited) @executable_path/Frameworks @loader_path/Frameworks";
				PRODUCT_BUNDLE_IDENTIFIER = algolic.PortfolioViewUITests;
				PRODUCT_NAME = "$(TARGET_NAME)";
				SWIFT_VERSION = 3.0;
				TEST_TARGET_NAME = PortfolioView;
			};
			name = Release;
		};
/* End XCBuildConfiguration section */

/* Begin XCConfigurationList section */
		C26781561E14786300D85E05 /* Build configuration list for PBXNativeTarget "PortfolioView WatchApp Extension" */ = {
			isa = XCConfigurationList;
			buildConfigurations = (
				C26781571E14786300D85E05 /* Debug */,
				C26781581E14786300D85E05 /* Release */,
			);
			defaultConfigurationIsVisible = 0;
			defaultConfigurationName = Release;
		};
		C267815A1E14786300D85E05 /* Build configuration list for PBXNativeTarget "PortfolioView WatchApp" */ = {
			isa = XCConfigurationList;
			buildConfigurations = (
				C267815B1E14786300D85E05 /* Debug */,
				C267815C1E14786300D85E05 /* Release */,
			);
			defaultConfigurationIsVisible = 0;
			defaultConfigurationName = Release;
		};
		C2C201841E1506420020863D /* Build configuration list for PBXNativeTarget "PortfolioViewShared (iOS)" */ = {
			isa = XCConfigurationList;
			buildConfigurations = (
				C2C201801E1506420020863D /* Debug */,
				C2C201811E1506420020863D /* Release */,
			);
			defaultConfigurationIsVisible = 0;
			defaultConfigurationName = Release;
		};
		C2C201861E1506420020863D /* Build configuration list for PBXNativeTarget "PortfolioViewSharedTests" */ = {
			isa = XCConfigurationList;
			buildConfigurations = (
				C2C201821E1506420020863D /* Debug */,
				C2C201831E1506420020863D /* Release */,
			);
			defaultConfigurationIsVisible = 0;
			defaultConfigurationName = Release;
		};
		C2C201DF1E15351E0020863D /* Build configuration list for PBXNativeTarget "PortfolioViewShared (watchOS)" */ = {
			isa = XCConfigurationList;
			buildConfigurations = (
				C2C201DD1E15351E0020863D /* Debug */,
				C2C201DE1E15351E0020863D /* Release */,
			);
			defaultConfigurationIsVisible = 0;
			defaultConfigurationName = Release;
		};
		C2F71B221E02CDAE00A99298 /* Build configuration list for PBXProject "PortfolioView" */ = {
			isa = XCConfigurationList;
			buildConfigurations = (
				C2F71B4F1E02CDAF00A99298 /* Debug */,
				C2F71B501E02CDAF00A99298 /* Release */,
			);
			defaultConfigurationIsVisible = 0;
			defaultConfigurationName = Release;
		};
		C2F71B511E02CDAF00A99298 /* Build configuration list for PBXNativeTarget "PortfolioView" */ = {
			isa = XCConfigurationList;
			buildConfigurations = (
				C2F71B521E02CDAF00A99298 /* Debug */,
				C2F71B531E02CDAF00A99298 /* Release */,
			);
			defaultConfigurationIsVisible = 0;
			defaultConfigurationName = Release;
		};
		C2F71B541E02CDAF00A99298 /* Build configuration list for PBXNativeTarget "PortfolioViewTests" */ = {
			isa = XCConfigurationList;
			buildConfigurations = (
				C2F71B551E02CDAF00A99298 /* Debug */,
				C2F71B561E02CDAF00A99298 /* Release */,
			);
			defaultConfigurationIsVisible = 0;
			defaultConfigurationName = Release;
		};
		C2F71B571E02CDAF00A99298 /* Build configuration list for PBXNativeTarget "PortfolioViewUITests" */ = {
			isa = XCConfigurationList;
			buildConfigurations = (
				C2F71B581E02CDAF00A99298 /* Debug */,
				C2F71B591E02CDAF00A99298 /* Release */,
			);
			defaultConfigurationIsVisible = 0;
			defaultConfigurationName = Release;
		};
/* End XCConfigurationList section */
	};
	rootObject = C2F71B1F1E02CDAE00A99298 /* Project object */;
}
