PODS:
  - ObjectMapper (2.2.2)
  - SSKeychain (1.4.1)
  - VENTouchLock (1.12.0):
    - SSKeychain (~> 1.0)
  - YOChartImageKit (1.2.1)

DEPENDENCIES:
  - ObjectMapper (~> 2.2)
  - VENTouchLock (~> 1.0)
  - YOChartImageKit (~> 1.1)

SPEC CHECKSUMS:
  ObjectMapper: 9e385c2295bcc4e16eabbcfc85db801442bba545
  SSKeychain: 55cc80f66f5c73da827e3077f02e43528897db41
  VENTouchLock: 20d378b9c6173e2c054448aeb3fb2f40822a9f3f
  YOChartImageKit: bd73e66857c848325bef87edc40595d72a6b5fbe

PODFILE CHECKSUM: 84fb807b29b0f6d1c5729b5ac18fe293da1dd178

COCOAPODS: 1.1.1
